# This file is automatically @generated by Cargo.
# It is not intended for manual editing.
version = 4

[[package]]
name = "adler2"
version = "2.0.1"
source = "registry+https://github.com/rust-lang/crates.io-index"
checksum = "320119579fcad9c21884f5c4861d16174d0e06250625266f50fe6898340abefa"

[[package]]
name = "aho-corasick"
version = "1.1.4"
source = "registry+https://github.com/rust-lang/crates.io-index"
checksum = "ddd31a130427c27518df266943a5308ed92d4b226cc639f5a8f1002816174301"
dependencies = [
 "memchr",
]

[[package]]
name = "alloc-no-stdlib"
version = "2.0.4"
source = "registry+https://github.com/rust-lang/crates.io-index"
checksum = "cc7bb162ec39d46ab1ca8c77bf72e890535becd1751bb45f64c597edb4c8c6b3"

[[package]]
name = "alloc-stdlib"
version = "0.2.4"
source = "registry+https://github.com/rust-lang/crates.io-index"
checksum = "0e76a019e91224d279006ff972f1e984179a6e9feb050adba6ce8274aef23195"
dependencies = [
 "alloc-no-stdlib",
]

[[package]]
name = "android_system_properties"
version = "0.1.5"
source = "registry+https://github.com/rust-lang/crates.io-index"
checksum = "819e7219dbd41043ac279b19830f2efc897156490d7fd6ea916720117ee66311"
dependencies = [
 "libc",
]

[[package]]
name = "anyhow"
version = "1.0.103"
source = "registry+https://github.com/rust-lang/crates.io-index"
checksum = "2a4385e2e34eb35d6b3efe798b9eb88096925d87726c0798709bf56d9ed84af3"

[[package]]
name = "atk"
version = "0.18.2"
source = "registry+https://github.com/rust-lang/crates.io-index"
checksum = "241b621213072e993be4f6f3a9e4b45f65b7e6faad43001be957184b7bb1824b"
dependencies = [
 "atk-sys",
 "glib",
 "libc",
]

[[package]]
name = "atk-sys"
version = "0.18.2"
source = "registry+https://github.com/rust-lang/crates.io-index"
checksum = "c5e48b684b0ca77d2bbadeef17424c2ea3c897d44d566a1617e7e8f30614d086"
dependencies = [
 "glib-sys",
 "gobject-sys",
 "libc",
 "system-deps",
]

[[package]]
name = "atomic-waker"
version = "1.1.2"
source = "registry+https://github.com/rust-lang/crates.io-index"
checksum = "1505bd5d3d116872e7271a6d4e16d81d0c8570876c8de68093a09ac269d8aac0"

[[package]]
name = "autocfg"
version = "1.5.1"
source = "registry+https://github.com/rust-lang/crates.io-index"
checksum = "f2032f911046de80f0a198e0901378627c33f59ea0ac00e363d481118bd70a53"

[[package]]
name = "base64"
version = "0.21.7"
source = "registry+https://github.com/rust-lang/crates.io-index"
checksum = "9d297deb1925b89f2ccc13d7635fa0714f12c87adce1c75356b39ca9b7178567"

[[package]]
name = "base64"
version = "0.22.1"
source = "registry+https://github.com/rust-lang/crates.io-index"
checksum = "72b3254f16251a8381aa12e40e3c4d2f0199f8c6508fbecb9d91f575e0fbb8c6"

[[package]]
name = "bit-set"
version = "0.8.0"
source = "registry+https://github.com/rust-lang/crates.io-index"
checksum = "08807e080ed7f9d5433fa9b275196cfc35414f66a0c79d864dc51a0d825231a3"
dependencies = [
 "bit-vec",
]

[[package]]
name = "bit-vec"
version = "0.8.0"
source = "registry+https://github.com/rust-lang/crates.io-index"
checksum = "5e764a1d40d510daf35e07be9eb06e75770908c27d411ee6c92109c9840eaaf7"

[[package]]
name = "bitflags"
version = "1.3.2"
source = "registry+https://github.com/rust-lang/crates.io-index"
checksum = "bef38d45163c2f1dde094a7dfd33ccf595c92905c8f8f4fdc18d06fb1037718a"

[[package]]
name = "bitflags"
version = "2.13.0"
source = "registry+https://github.com/rust-lang/crates.io-index"
checksum = "b4388bee8683e3d04af747c73422af53102d2bd24d9eadb6cbc100baef4b43f8"
dependencies = [
 "serde_core",
]

[[package]]
name = "block-buffer"
version = "0.10.4"
source = "registry+https://github.com/rust-lang/crates.io-index"
checksum = "3078c7629b62d3f0439517fa394996acacc5cbc91c5a20d8c658e77abd503a71"
dependencies = [
 "generic-array",
]

[[package]]
name = "block2"
version = "0.6.2"
source = "registry+https://github.com/rust-lang/crates.io-index"
checksum = "cdeb9d870516001442e364c5220d3574d2da8dc765554b4a617230d33fa58ef5"
dependencies = [
 "objc2",
]

[[package]]
name = "brotli"
version = "8.0.4"
source = "registry+https://github.com/rust-lang/crates.io-index"
checksum = "5cc91aac060a7a1e25823bdccbfb6af1875b88f17c6daac97894eed8207166b3"
dependencies = [
 "alloc-no-stdlib",
 "alloc-stdlib",
 "brotli-decompressor",
]

[[package]]
name = "brotli-decompressor"
version = "5.0.3"
source = "registry+https://github.com/rust-lang/crates.io-index"
checksum = "3a32acac15fe1967bc3986b2a6347dffc965602354ea6f450ad07e8bfd253583"
dependencies = [
 "alloc-no-stdlib",
 "alloc-stdlib",
]

[[package]]
name = "bs58"
version = "0.5.1"
source = "registry+https://github.com/rust-lang/crates.io-index"
checksum = "bf88ba1141d185c399bee5288d850d63b8369520c1eafc32a0430b5b6c287bf4"
dependencies = [
 "tinyvec",
]

[[package]]
name = "bumpalo"
version = "3.20.3"
source = "registry+https://github.com/rust-lang/crates.io-index"
checksum = "72f5acc6cb2ba439de613abc23857ec3d78374d8ed5ac84e9d11336e87da8649"

[[package]]
name = "bytemuck"
version = "1.25.0"
source = "registry+https://github.com/rust-lang/crates.io-index"
checksum = "c8efb64bd706a16a1bdde310ae86b351e4d21550d98d056f22f8a7f7a2183fec"

[[package]]
name = "byteorder"
version = "1.5.0"
source = "registry+https://github.com/rust-lang/crates.io-index"
checksum = "1fd0f2584146f6f2ef48085050886acf353beff7305ebd1ae69500e27c67f64b"

[[package]]
name = "bytes"
version = "1.12.0"
source = "registry+https://github.com/rust-lang/crates.io-index"
checksum = "8ae3f5d315924270530207e2a68396c3cc547f6dca3fbdca317cfb1a51edb593"
dependencies = [
 "serde",
]

[[package]]
name = "cairo-rs"
version = "0.18.5"
source = "registry+https://github.com/rust-lang/crates.io-index"
checksum = "8ca26ef0159422fb77631dc9d17b102f253b876fe1586b03b803e63a309b4ee2"
dependencies = [
 "bitflags 2.13.0",
 "cairo-sys-rs",
 "glib",
 "libc",
 "once_cell",
 "thiserror 1.0.69",
]

[[package]]
name = "cairo-sys-rs"
version = "0.18.2"
source = "registry+https://github.com/rust-lang/crates.io-index"
checksum = "685c9fa8e590b8b3d678873528d83411db17242a73fccaed827770ea0fedda51"
dependencies = [
 "glib-sys",
 "libc",
 "system-deps",
]

[[package]]
name = "camino"
version = "1.2.4"
source = "registry+https://github.com/rust-lang/crates.io-index"
checksum = "5f2d30e4173c4026932d51d31d6b0613b1fd3014bf3f9f8943d4ba139c437ba0"
dependencies = [
 "serde_core",
]

[[package]]
name = "cargo-platform"
version = "0.1.9"
source = "registry+https://github.com/rust-lang/crates.io-index"
checksum = "e35af189006b9c0f00a064685c727031e3ed2d8020f7ba284d78cc2671bd36ea"
dependencies = [
 "serde",
]

[[package]]
name = "cargo_metadata"
version = "0.19.2"
source = "registry+https://github.com/rust-lang/crates.io-index"
checksum = "dd5eb614ed4c27c5d706420e4320fbe3216ab31fa1c33cd8246ac36dae4479ba"
dependencies = [
 "camino",
 "cargo-platform",
 "semver",
 "serde",
 "serde_json",
 "thiserror 2.0.18",
]

[[package]]
name = "cargo_toml"
version = "0.22.3"
source = "registry+https://github.com/rust-lang/crates.io-index"
checksum = "374b7c592d9c00c1f4972ea58390ac6b18cbb6ab79011f3bdc90a0b82ca06b77"
dependencies = [
 "serde",
 "toml 0.9.12+spec-1.1.0",
]

[[package]]
name = "cc"
version = "1.2.65"
source = "registry+https://github.com/rust-lang/crates.io-index"
checksum = "e228eec9be7c17ccb640b59b36a5cd805ea2a564a4c5e162c2f659fea30d3b96"
dependencies = [
 "find-msvc-tools",
 "shlex",
]

[[package]]
name = "cesu8"
version = "1.1.0"
source = "registry+https://github.com/rust-lang/crates.io-index"
checksum = "6d43a04d8753f35258c91f8ec639f792891f748a1edbd759cf1dcea3382ad83c"

[[package]]
name = "cfb"
version = "0.7.3"
source = "registry+https://github.com/rust-lang/crates.io-index"
checksum = "d38f2da7a0a2c4ccf0065be06397cc26a81f4e528be095826eee9d4adbb8c60f"
dependencies = [
 "byteorder",
 "fnv",
 "uuid",
]

[[package]]
name = "cfg-expr"
version = "0.15.8"
source = "registry+https://github.com/rust-lang/crates.io-index"
checksum = "d067ad48b8650848b989a59a86c6c36a995d02d2bf778d45c3c5d57bc2718f02"
dependencies = [
 "smallvec",
 "target-lexicon",
]

[[package]]
name = "cfg-if"
version = "1.0.4"
source = "registry+https://github.com/rust-lang/crates.io-index"
checksum = "9330f8b2ff13f34540b44e946ef35111825727b38d33286ef986142615121801"

[[package]]
name = "chrono"
version = "0.4.45"
source = "registry+https://github.com/rust-lang/crates.io-index"
checksum = "1aa79e62e7697b8e29b513a68abacf485adcd1fe8284a4316c5ae868e6633327"
dependencies = [
 "iana-time-zone",
 "num-traits",
 "serde",
 "windows-link 0.2.1",
]

[[package]]
name = "combine"
version = "4.6.7"
source = "registry+https://github.com/rust-lang/crates.io-index"
checksum = "ba5a308b75df32fe02788e748662718f03fde005016435c444eea572398219fd"
dependencies = [
 "bytes",
 "memchr",
]

[[package]]
name = "cookie"
version = "0.18.1"
source = "registry+https://github.com/rust-lang/crates.io-index"
checksum = "4ddef33a339a91ea89fb53151bd0a4689cfce27055c291dfa69945475d22c747"
dependencies = [
 "time",
 "version_check",
]

[[package]]
name = "core-foundation"
version = "0.10.1"
source = "registry+https://github.com/rust-lang/crates.io-index"
checksum = "b2a6cd9ae233e7f62ba4e9353e81a88df7fc8a5987b8d445b4d90c879bd156f6"
dependencies = [
 "core-foundation-sys",
 "libc",
]

[[package]]
name = "core-foundation-sys"
version = "0.8.7"
source = "registry+https://github.com/rust-lang/crates.io-index"
checksum = "773648b94d0e5d620f64f280777445740e61fe701025087ec8b57f45c791888b"

[[package]]
name = "core-graphics"
version = "0.25.0"
source = "registry+https://github.com/rust-lang/crates.io-index"
checksum = "064badf302c3194842cf2c5d61f56cc88e54a759313879cdf03abdd27d0c3b97"
dependencies = [
 "bitflags 2.13.0",
 "core-foundation",
 "core-graphics-types",
 "foreign-types",
 "libc",
]

[[package]]
name = "core-graphics-types"
version = "0.2.0"
source = "registry+https://github.com/rust-lang/crates.io-index"
checksum = "3d44a101f213f6c4cdc1853d4b78aef6db6bdfa3468798cc1d9912f4735013eb"
dependencies = [
 "bitflags 2.13.0",
 "core-foundation",
 "libc",
]

[[package]]
name = "cpufeatures"
version = "0.2.17"
source = "registry+https://github.com/rust-lang/crates.io-index"
checksum = "59ed5838eebb26a2bb2e58f6d5b5316989ae9d08bab10e0e6d103e656d1b0280"
dependencies = [
 "libc",
]

[[package]]
name = "crc32fast"
version = "1.5.0"
source = "registry+https://github.com/rust-lang/crates.io-index"
checksum = "9481c1c90cbf2ac953f07c8d4a58aa3945c425b7185c9154d67a65e4230da511"
dependencies = [
 "cfg-if",
]

[[package]]
name = "crossbeam-channel"
version = "0.5.15"
source = "registry+https://github.com/rust-lang/crates.io-index"
checksum = "82b8f8f868b36967f9606790d1903570de9ceaf870a7bf9fbbd3016d636a2cb2"
dependencies = [
 "crossbeam-utils",
]

[[package]]
name = "crossbeam-utils"
version = "0.8.21"
source = "registry+https://github.com/rust-lang/crates.io-index"
checksum = "d0a5c400df2834b80a4c3327b3aad3a4c4cd4de0629063962b03235697506a28"

[[package]]
name = "crypto-common"
version = "0.1.7"
source = "registry+https://github.com/rust-lang/crates.io-index"
checksum = "78c8292055d1c1df0cce5d180393dc8cce0abec0a7102adb6c7b1eef6016d60a"
dependencies = [
 "generic-array",
 "typenum",
]

[[package]]
name = "cssparser"
version = "0.36.0"
source = "registry+https://github.com/rust-lang/crates.io-index"
checksum = "dae61cf9c0abb83bd659dab65b7e4e38d8236824c85f0f804f173567bda257d2"
dependencies = [
 "cssparser-macros",
 "dtoa-short",
 "itoa",
 "phf",
 "smallvec",
]

[[package]]
name = "cssparser-macros"
version = "0.6.1"
source = "registry+https://github.com/rust-lang/crates.io-index"
checksum = "13b588ba4ac1a99f7f2964d24b3d896ddc6bf847ee3855dbd4366f058cfcd331"
dependencies = [
 "quote",
 "syn 2.0.118",
]

[[package]]
name = "ctor"
version = "0.8.0"
source = "registry+https://github.com/rust-lang/crates.io-index"
checksum = "352d39c2f7bef1d6ad73db6f5160efcaed66d94ef8c6c573a8410c00bf909a98"
dependencies = [
 "ctor-proc-macro",
 "dtor",
]

[[package]]
name = "ctor-proc-macro"
version = "0.0.7"
source = "registry+https://github.com/rust-lang/crates.io-index"
checksum = "52560adf09603e58c9a7ee1fe1dcb95a16927b17c127f0ac02d6e768a0e25bc1"

[[package]]
name = "darling"
version = "0.23.0"
source = "registry+https://github.com/rust-lang/crates.io-index"
checksum = "25ae13da2f202d56bd7f91c25fba009e7717a1e4a1cc98a76d844b65ae912e9d"
dependencies = [
 "darling_core",
 "darling_macro",
]

[[package]]
name = "darling_core"
version = "0.23.0"
source = "registry+https://github.com/rust-lang/crates.io-index"
checksum = "9865a50f7c335f53564bb694ef660825eb8610e0a53d3e11bf1b0d3df31e03b0"
dependencies = [
 "ident_case",
 "proc-macro2",
 "quote",
 "strsim",
 "syn 2.0.118",
]

[[package]]
name = "darling_macro"
version = "0.23.0"
source = "registry+https://github.com/rust-lang/crates.io-index"
checksum = "ac3984ec7bd6cfa798e62b4a642426a5be0e68f9401cfc2a01e3fa9ea2fcdb8d"
dependencies = [
 "darling_core",
 "quote",
 "syn 2.0.118",
]

[[package]]
name = "dbus"
version = "0.9.12"
source = "registry+https://github.com/rust-lang/crates.io-index"
checksum = "3ab69f03cc8c4340c9c8e315114e1658e6775a9b16a04357973aa21cec22b32e"
dependencies = [
 "libc",
 "libdbus-sys",
 "windows-sys 0.61.2",
]

[[package]]
name = "deranged"
version = "0.5.8"
source = "registry+https://github.com/rust-lang/crates.io-index"
checksum = "7cd812cc2bc1d69d4764bd80df88b4317eaef9e773c75226407d9bc0876b211c"
dependencies = [
 "serde_core",
]

[[package]]
name = "derive_more"
version = "2.1.1"
source = "registry+https://github.com/rust-lang/crates.io-index"
checksum = "d751e9e49156b02b44f9c1815bcb94b984cdcc4396ecc32521c739452808b134"
dependencies = [
 "derive_more-impl",
]

[[package]]
name = "derive_more-impl"
version = "2.1.1"
source = "registry+https://github.com/rust-lang/crates.io-index"
checksum = "799a97264921d8623a957f6c3b9011f3b5492f557bbb7a5a19b7fa6d06ba8dcb"
dependencies = [
 "proc-macro2",
 "quote",
 "rustc_version",
 "syn 2.0.118",
]

[[package]]
name = "digest"
version = "0.10.7"
source = "registry+https://github.com/rust-lang/crates.io-index"
checksum = "9ed9a281f7bc9b7576e61468ba615a66a5c8cfdff42420a70aa82701a3b1e292"
dependencies = [
 "block-buffer",
 "crypto-common",
]

[[package]]
name = "dirs"
version = "6.0.0"
source = "registry+https://github.com/rust-lang/crates.io-index"
checksum = "c3e8aa94d75141228480295a7d0e7feb620b1a5ad9f12bc40be62411e38cce4e"
dependencies = [
 "dirs-sys",
]

[[package]]
name = "dirs-sys"
version = "0.5.0"
source = "registry+https://github.com/rust-lang/crates.io-index"
checksum = "e01a3366d27ee9890022452ee61b2b63a67e6f13f58900b651ff5665f0bb1fab"
dependencies = [
 "libc",
 "option-ext",
 "redox_users",
 "windows-sys 0.61.2",
]

[[package]]
name = "dispatch2"
version = "0.3.1"
source = "registry+https://github.com/rust-lang/crates.io-index"
checksum = "1e0e367e4e7da84520dedcac1901e4da967309406d1e51017ae1abfb97adbd38"
dependencies = [
 "bitflags 2.13.0",
 "block2",
 "libc",
 "objc2",
]

[[package]]
name = "displaydoc"
version = "0.2.6"
source = "registry+https://github.com/rust-lang/crates.io-index"
checksum = "1ac70aa55017e108007fbaf5aa0f54b021c98f92ff8af59d42eda9da96e3dd4f"
depenÛ6îÚ$z{-®éÜj×·6¶vUÕĞ¦æÖRÒ'vV&¶—C&wF²×7—2 §fW'6–öâÒ#"ãã" §6÷W&6RÒ'&Vv—7G'’¶‡GG3¢òöv—F‡V"æ6öÒ÷'W7BÖÆærö7&FW2æ–òÖ–æFW‚ ¦6†V6·7VÒÒ#“fVccV3&VcFfS&ffcc“S“c&V36CCScS3S–fF&#&S““C63“sFSf3s3FVR ¦FWVæFVæ6–W2Ò°¢&&—FfÆw2ã2ã""À¢&6—&ò×7—2×'2"À¢&vF²×7—2"À¢&v–ò×7—2"À¢&vÆ–"×7—2"À¢&vö&¦V7B×7—2"À¢&wF²×7—2"À¢&¦f67&—F6÷&R×'2×7—2"À¢&Æ–&2"À¢'¶rÖ6öæf–r"À¢'6÷W2×7—2"À¢'7—7FVÒÖFW2"À¥Ğ ¥µ·6¶vUÕĞ¦æÖRÒ'vV'f–Ws"Ö6öÒ §fW'6–öâÒ#ã3‚ã" §6÷W&6RÒ'&Vv—7G'’¶‡GG3¢òöv—F‡V"æ6öÒ÷'W7BÖÆærö7&FW2æ–òÖ–æFW‚ ¦6†V6·7VÒÒ#s3#C6vV#363SFCCFSSCƒC&Sf–S36FS†#VCv#Sƒc6C†VC–fV&3“f ¦FWVæFVæ6–W2Ò°¢'vV'f–Ws"Ö6öÒÖÖ7&÷2"À¢'vV'f–Ws"Ö6öÒ×7—2"À¢'v–æF÷w2"À¢'v–æF÷w2Ö6÷&R"À¢'v–æF÷w2Ö–×ÆVÖVçB"À¢'v–æF÷w2Ö–çFW&f6R"À¥Ğ ¥µ·6¶vUÕĞ¦æÖRÒ'vV'f–Ws"Ö6öÒÖÖ7&÷2 §fW'6–öâÒ#ã‚ã §6÷W&6RÒ'&Vv—7G'’¶‡GG3¢òöv—F‡V"æ6öÒ÷'W7BÖÆærö7&FW2æ–òÖ–æFW‚ ¦6†V6·7VÒÒ#cv“#3#c“F33cv#&#ƒ#66CF6FSfc“f&VV3svC3“3–3ƒ“–&#3sv6c–#–#SB ¦FWVæFVæ6–W2Ò°¢'&ö2ÖÖ7&ó""À¢'V÷FR"À¢'7–â"ãã‚"À¥Ğ ¥µ·6¶vUÕĞ¦æÖRÒ'vV'f–Ws"Ö6öÒ×7—2 §fW'6–öâÒ#ã3‚ã" §6÷W&6RÒ'&Vv—7G'’¶‡GG3¢òöv—F‡V"æ6öÒ÷'W7BÖÆærö7&FW2æ–òÖ–æFW‚ ¦6†V6·7VÒÒ#3ƒ33f6fffCss#3svC#“s##CSCCvS#S&ffV&Ccs–3“–Sc&3C†&6&c–2 ¦FWVæFVæ6–W2Ò°¢'F†—6W'&÷""ãã‚"À¢'v–æF÷w2"À¢'v–æF÷w2Ö6÷&R"À¥Ğ ¥µ·6¶vUÕĞ¦æÖRÒ'v–æ’ §fW'6–öâÒ#ã2ã’ §6÷W&6RÒ'&Vv—7G'’¶‡GG3¢òöv—F‡V"æ6öÒ÷'W7BÖÆærö7&FW2æ–òÖ–æFW‚ ¦6†V6·7VÒÒ#V3ƒ3–csFf6Cv“ƒ“S&SS“3#C&VC&S“3““#sCcscS3ƒcCCVC#†#cC’ ¦FWVæFVæ6–W2Ò°¢'v–æ’Ö“cƒb×2×v–æF÷w2ÖvçR"À¢'v–æ’×ƒƒeócB×2×v–æF÷w2ÖvçR"À¥Ğ ¥µ·6¶vUÕĞ¦æÖRÒ'v–æ’Ö“cƒb×2×v–æF÷w2ÖvçR §fW'6–öâÒ#ãBã §6÷W&6RÒ'&Vv—7G'’¶‡GG3¢òöv—F‡V"æ6öÒ÷'W7BÖÆærö7&FW2æ–òÖ–æFW‚ ¦6†V6·7VÒÒ&36#ƒv3c3c#C#fFC–#““SV6S3#–VfcSCV&66&&#3Fc6&S–fcff#f#S#v#b  ¥µ·6¶vUÕĞ¦æÖRÒ'v–æ’×WF–Â §fW'6–öâÒ#ãã §6÷W&6RÒ'&Vv—7G'’¶‡GG3¢òöv—F‡V"æ6öÒ÷'W7BÖÆærö7&FW2æ–òÖ–æFW‚ ¦6†V6·7VÒÒ&3&v#363ƒsc#&C6c3#Sf3636VSV3Sƒ3–s3–fcsS6V&C#" ¦FWVæFVæ6–W2Ò°¢'v–æF÷w2×7—2ãcã""À¥Ğ ¥µ·6¶vUÕĞ¦æÖRÒ'v–æ’×ƒƒeócB×2×v–æF÷w2ÖvçR §fW'6–öâÒ#ãBã §6÷W&6RÒ'&Vv—7G'’¶‡GG3¢òöv—F‡V"æ6öÒ÷'W7BÖÆærö7&FW2æ–òÖ–æFW‚ ¦6†V6·7VÒÒ#s&S##sƒCCSv3VS6C&f##&fvSVSCcS†SC†f&6s–V3C&6f3“3ƒ6b  ¥µ·6¶vUÕĞ¦æÖRÒ'v–æF÷r×f–'&æ7’ §fW'6–öâÒ#ãbã §6÷W&6RÒ'&Vv—7G'’¶‡GG3¢òöv—F‡V"æ6öÒ÷'W7BÖÆærö7&FW2æ–òÖ–æFW‚ ¦6†V6·7VÒÒ&C–&V3V3c6c“3c&c##S†fCS–3–FCc–6C3&Ss3f63s†3CCC#S†cF6S––2 ¦FWVæFVæ6–W2Ò°¢&ö&¦3""À¢&ö&¦3"ÖÖ¶—B"À¢&ö&¦3"Ö6÷&RÖf÷VæFF–öâ"À¢&ö&¦3"Öf÷VæFF–öâ"À¢'&r×v–æF÷rÖ†æFÆR"À¢'v–æF÷w2×7—2ãS’ã"À¢'v–æF÷w2×fW'6–öâ"À¥Ğ ¥µ·6¶vUÕĞ¦æÖRÒ'v–æF÷w2 §fW'6–öâÒ#ãcã2 §6÷W&6RÒ'&Vv—7G'’¶‡GG3¢òöv—F‡V"æ6öÒ÷'W7BÖÆærö7&FW2æ–òÖ–æFW‚ ¦6†V6·7VÒÒ#–&&C6scvF3Vcc“C–cƒVcVCS66S#SCF66FfƒfFCC†3“sƒ&3fCcƒ“2 ¦FWVæFVæ6–W2Ò°¢'v–æF÷w2Ö6öÆÆV7F–öç2"À¢'v–æF÷w2Ö6÷&R"À¢'v–æF÷w2ÖgWGW&R"À¢'v–æF÷w2ÖÆ–æ²ãã2"À¢'v–æF÷w2ÖçVÖW&–72"À¥Ğ ¥µ·6¶vUÕĞ¦æÖRÒ'v–æF÷w2Ö6öÆÆV7F–öç2 §fW'6–öâÒ#ã"ã §6÷W&6RÒ'&Vv—7G'’¶‡GG3¢òöv—F‡V"æ6öÒ÷'W7BÖÆærö7&FW2æ–òÖ–æFW‚ ¦6†V6·7VÒÒ#6&VV6V#VSV6fC–V#Csf#3ƒc3Sƒ&3C#C66CC#vc3–VCC##sc##SV3VS‚ ¦FWVæFVæ6–W2Ò°¢'v–æF÷w2Ö6÷&R"À¥Ğ ¥µ·6¶vUÕĞ¦æÖRÒ'v–æF÷w2Ö6÷&R §fW'6–öâÒ#ãcã" §6÷W&6RÒ'&Vv—7G'’¶‡GG3¢òöv—F‡V"æ6öÒ÷'W7BÖÆærö7&FW2æ–òÖ–æFW‚ ¦6†V6·7VÒÒ&3fFC6FF#“c3sc3†&#66##“Ff#–SV6F&V63cC6FF#3cCs##sƒ3FS2 ¦FWVæFVæ6–W2Ò°¢'v–æF÷w2Ö–×ÆVÖVçB"À¢'v–æF÷w2Ö–çFW&f6R"À¢'v–æF÷w2ÖÆ–æ²ãã2"À¢'v–æF÷w2×&W7VÇB"À¢'v–æF÷w2×7G&–æw2"À¥Ğ ¥µ·6¶vUÕĞ¦æÖRÒ'v–æF÷w2ÖgWGW&R §fW'6–öâÒ#ã"ã §6÷W&6RÒ'&Vv—7G'’¶‡GG3¢òöv—F‡V"æ6öÒ÷'W7BÖÆærö7&FW2æ–òÖ–æFW‚ ¦6†V6·7VÒÒ&f3fCS“ƒC#v#–fSF#s63SScc#S–fS“&CvCcƒcS3vVV&c“3ƒSc#&f&C†R ¦FWVæFVæ6–W2Ò°¢'v–æF÷w2Ö6÷&R"À¢'v–æF÷w2ÖÆ–æ²ãã2"À¢'v–æF÷w2×F‡&VF–ær"À¥Ğ ¥µ·6¶vUÕĞ¦æÖRÒ'v–æF÷w2Ö–×ÆVÖVçB §fW'6–öâÒ#ãcã" §6÷W&6RÒ'&Vv—7G'’¶‡GG3¢òöv—F‡V"æ6öÒ÷'W7BÖÆærö7&FW2æ–òÖ–æFW‚ ¦6†V6·7VÒÒ#S6S&SC#Sv#–F3“S#s&3#cCƒcF#vV#6##&3CV#FSF36#FccsƒSVFFb ¦FWVæFVæ6–W2Ò°¢'&ö2ÖÖ7&ó""À¢'V÷FR"À¢'7–â"ãã‚"À¥Ğ ¥µ·6¶vUÕĞ¦æÖRÒ'v–æF÷w2Ö–çFW&f6R §fW'6–öâÒ#ãS’ã2 §6÷W&6RÒ'&Vv—7G'’¶‡GG3¢òöv—F‡V"æ6öÒ÷'W7BÖÆærö7&FW2æ–òÖ–æFW‚ ¦6†V6·7VÒÒ#6c3f3F#Ss&#f&&V3s##3&3C“–C†3†&3“VVf66F3Scƒƒsƒc#33cvS3S‚ ¦FWVæFVæ6–W2Ò°¢'&ö2ÖÖ7&ó""À¢'V÷FR"À¢'7–â"ãã‚"À¥Ğ ¥µ·6¶vUÕĞ¦æÖRÒ'v–æF÷w2ÖÆ–æ² §fW'6–öâÒ#ãã2 §6÷W&6RÒ'&Vv—7G'’¶‡GG3¢òöv—F‡V"æ6öÒ÷'W7BÖÆærö7&FW2æ–òÖ–æFW‚ ¦6†V6·7VÒÒ#VSfC#S“CS#FV&F&&#“fC##C3SSvSc“–cFf##†3vScf3ƒCs“†  ¥µ·6¶vUÕĞ¦æÖRÒ'v–æF÷w2ÖÆ–æ² §fW'6–öâÒ#ã"ã §6÷W&6RÒ'&Vv—7G'’¶‡GG3¢òöv—F‡V"æ6öÒ÷'W7BÖÆærö7&FW2æ–òÖ–æFW‚ ¦6†V6·7VÒÒ&cƒS##&SSvcsS#Cfc&S3ff“c6&3ƒ“6CC#&c“sFVfS“vCcFSsCFfSR  ¥µ·6¶vUÕĞ¦æÖRÒ'v–æF÷w2ÖçVÖW&–72 §fW'6–öâÒ#ã"ã §6÷W&6RÒ'&Vv—7G'’¶‡GG3¢òöv—F‡V"æ6öÒ÷'W7BÖÆærö7&FW2æ–òÖ–æFW‚ ¦6†V6·7VÒÒ#“Sccƒcf3F3V3vFF36S3C#SSCssSS#†&FSC#scF3c3†&3&3“&3&# ¦FWVæFVæ6–W2Ò°¢'v–æF÷w2Ö6÷&R"À¢'v–æF÷w2ÖÆ–æ²ãã2"À¥Ğ ¥µ·6¶vUÕĞ¦æÖRÒ'v–æF÷w2×&W7VÇB §fW'6–öâÒ#ã2ãB §6÷W&6RÒ'&Vv—7G'’¶‡GG3¢òöv—F‡V"æ6öÒ÷'W7BÖÆærö7&FW2æ–òÖ–æFW‚ ¦6†V6·7VÒÒ#SfcC&&C33&63f3†V3Vc6f33fCf†fC&†“3SƒcƒfSScCSƒf3b ¦FWVæFVæ6–W2Ò°¢'v–æF÷w2ÖÆ–æ²ãã2"À¥Ğ ¥µ·6¶vUÕĞ¦æÖRÒ'v–æF÷w2×7G&–æw2 §fW'6–öâÒ#ãBã" §6÷W&6RÒ'&Vv—7G'’¶‡GG3¢òöv—F‡V"æ6öÒ÷'W7BÖÆærö7&FW2æ–òÖ–æFW‚ ¦6†V6·7VÒÒ#SfSf3“6c636#3csf6#3#vC“S†3S6CVCcf3&3V6##c†6SVS“C6#Sr ¦FWVæFVæ6–W2Ò°¢'v–æF÷w2ÖÆ–æ²ãã2"À¥Ğ ¥µ·6¶vUÕĞ¦æÖRÒ'v–æF÷w2×7—2 §fW'6–öâÒ#ãCRã §6÷W&6RÒ'&Vv—7G'’¶‡GG3¢òöv—F‡V"æ6öÒ÷'W7BÖÆærö7&FW2æ–òÖ–æFW‚ ¦6†V6·7VÒÒ#sS#ƒ6&SVVf##ƒ3C3vVC#3cVc–3&V3#66C#–6V&V6&3“6CS#3V#cfC ¦FWVæFVæ6–W2Ò°¢'v–æF÷w2×F&vWG2ãC"ã""À¥Ğ ¥µ·6¶vUÕĞ¦æÖRÒ'v–æF÷w2×7—2 §fW'6–öâÒ#ãS’ã §6÷W&6RÒ'&Vv—7G'’¶‡GG3¢òöv—F‡V"æ6öÒ÷'W7BÖÆærö7&FW2æ–òÖ–æFW‚ ¦6†V6·7VÒÒ#S3†&3FCs–VCcvfCsV&63#S33–#3&ssf&&S“&SV&Vcc&cc†3S3ƒS6" ¦FWVæFVæ6–W2Ò°¢'v–æF÷w2×F&vWG2ãS"ãb"À¥Ğ ¥µ·6¶vUÕĞ¦æÖRÒ'v–æF÷w2×7—2 §fW'6–öâÒ#ãcã" §6÷W&6RÒ'&Vv—7G'’¶‡GG3¢òöv—F‡V"æ6öÒ÷'W7BÖÆærö7&FW2æ–òÖ–æFW‚ ¦6†V6·7VÒÒ&S3s##–&6&Cf6Fccv#ƒ3FccsccCSsvFFcC“Cfs#†#&6#3“#fc6f2 ¦FWVæFVæ6–W2Ò°¢'v–æF÷w2ÖÆ–æ²ã"ã"À¥Ğ ¥µ·6¶vUÕĞ¦æÖRÒ'v–æF÷w2×F&vWG2 §fW'6–öâÒ#ãC"ã" §6÷W&6RÒ'&Vv—7G'’¶‡GG3¢òöv—F‡V"æ6öÒ÷'W7BÖÆærö7&FW2æ–òÖ–æFW‚ ¦6†V6·7VÒÒ#†SSƒ36CCF3–#3ƒ†F#3c“3#“c6C“3cVFVCƒ3#SsVCCs#sSf#FCs ¦FWVæFVæ6–W2Ò°¢'v–æF÷w5ö&6ƒcEövçVÆÇfÒãC"ã""À¢'v–æF÷w5ö&6ƒcEö×7f2ãC"ã""À¢'v–æF÷w5ö“cƒeövçRãC"ã""À¢'v–æF÷w5ö“cƒeö×7f2ãC"ã""À¢'v–æF÷w5÷ƒƒeócEövçRãC"ã""À¢'v–æF÷w5÷ƒƒeócEövçVÆÇfÒãC"ã""À¢'v–æF÷w5÷ƒƒeócEö×7f2ãC"ã""À¥Ğ ¥µ·6¶vUÕĞ¦æÖRÒ'v–æF÷w2×F&vWG2 §fW'6–öâÒ#ãS"ãb §6÷W&6RÒ'&Vv—7G'’¶‡GG3¢òöv—F‡V"æ6öÒ÷'W7BÖÆærö7&FW2æ–òÖ–æFW‚ ¦6†V6·7VÒÒ#–#s#Fcs#s“fS3f#“3#CCsƒCFC6CcC†6S–SC“Sf#“†Ss#V#ƒFS“““s2 ¦FWVæFVæ6–W2Ò°¢'v–æF÷w5ö&6ƒcEövçVÆÇfÒãS"ãb"À¢'v–æF÷w5ö&6ƒcEö×7f2ãS"ãb"À¢'v–æF÷w5ö“cƒeövçRãS"ãb"À¢'v–æF÷w5ö“cƒeövçVÆÇfÒ"À¢'v–æF÷w5ö“cƒeö×7f2ãS"ãb"À¢'v–æF÷w5÷ƒƒeócEövçRãS"ãb"À¢'v–æF÷w5÷ƒƒeócEövçVÆÇfÒãS"ãb"À¢'v–æF÷w5÷ƒƒeócEö×7f2ãS"ãb"À¥Ğ ¥µ·6¶vUÕĞ¦æÖRÒ'v–æF÷w2×F‡&VF–ær §fW'6–öâÒ#ãã §6÷W&6RÒ'&Vv—7G'’¶‡GG3¢òöv—F‡V"æ6öÒ÷'W7BÖÆærö7&FW2æ–òÖ–æFW‚ ¦6†V6·7VÒÒ&#ccCc6C&SV6&&cƒ†#vcC3s33ƒSV3#sCcVf3C&6f&6f#Svb ¦FWVæFVæ6–W2Ò°¢'v–æF÷w2ÖÆ–æ²ãã2"À¥Ğ ¥µ·6¶vUÕĞ¦æÖRÒ'v–æF÷w2×fW'6–öâ §fW'6–öâÒ#ããr §6÷W&6RÒ'&Vv—7G'’¶‡GG3¢òöv—F‡V"æ6öÒ÷'W7BÖÆærö7&FW2æ–òÖ–æFW‚ ¦6†V6·7VÒÒ&SCcF–#–C3#f#s#c&3†S&3ƒFFccv63F&3–S366cC–S663&V#c3c3 ¦FWVæFVæ6–W2Ò°¢'v–æF÷w2ÖÆ–æ²ã"ã"À¥Ğ ¥µ·6¶vUÕĞ¦æÖRÒ'v–æF÷w5ö&6ƒcEövçVÆÇfÒ §fW'6–öâÒ#ãC"ã" §6÷W&6RÒ'&Vv—7G'’¶‡GG3¢òöv—F‡V"æ6öÒ÷'W7BÖÆærö7&FW2æ–òÖ–æFW‚ ¦6†V6·7VÒÒ#S“vSƒSs#c†&3†C†CS“#S33&3SFc&–C–FVVFVVcV#“–#&&&#c“†c‚  ¥µ·6¶vUÕĞ¦æÖRÒ'v–æF÷w5ö&6ƒcEövçVÆÇfÒ §fW'6–öâÒ#ãS"ãb §6÷W&6RÒ'&Vv—7G'’¶‡GG3¢òöv—F‡V"æ6öÒ÷'W7BÖÆærö7&FW2æ–òÖ–æFW‚ ¦6†V6·7VÒÒ#3&Cc##ƒSvV3CF&#SSSCF3ƒ&3–fC–V3#c&V3CvVFCS“ƒ–66C3&6C2  ¥µ·6¶vUÕĞ¦æÖRÒ'v–æF÷w5ö&6ƒcEö×7f2 §fW'6–öâÒ#ãC"ã" §6÷W&6RÒ'&Vv—7G'’¶‡GG3¢òöv—F‡V"æ6öÒ÷'W7BÖÆærö7&FW2æ–òÖ–æFW‚ ¦6†V6·7VÒÒ&S†SƒƒcFccfVcCfcF&C#FF#†#f#6&SSssfV6CCscCS“C&SS†3FCC2  ¥µ·6¶vUÕĞ¦æÖRÒ'v–æF÷w5ö&6ƒcEö×7f2 §fW'6–öâÒ#ãS"ãb §6÷W&6RÒ'&Vv—7G'’¶‡GG3¢òöv—F‡V"æ6öÒ÷'W7BÖÆærö7&FW2æ–òÖ–æFW‚ ¦6†V6·7VÒÒ#–V3&v&#S&S##S&#S6fsƒ3Ssƒs“SC†&3s–33–Fcsc#v6&&CVCCc’  ¥µ·6¶vUÕĞ¦æÖRÒ'v–æF÷w5ö“cƒeövçR §fW'6–öâÒ#ãC"ã" §6÷W&6RÒ'&Vv—7G'’¶‡GG3¢òöv—F‡V"æ6öÒ÷'W7BÖÆærö7&FW2æ–òÖ–æFW‚ ¦6†V6·7VÒÒ&3cC“#vC†FCF“fƒc#“Cƒ“3S6Scƒs3“s3vC6&V6C3CV3†fV3–3ƒFb  ¥µ·6¶vUÕĞ¦æÖRÒ'v–æF÷w5ö“cƒeövçR §fW'6–öâÒ#ãS"ãb §6÷W&6RÒ'&Vv—7G'’¶‡GG3¢òöv—F‡V"æ6öÒ÷'W7BÖÆærö7&FW2æ–òÖ–æFW‚ ¦6†V6·7VÒÒ#†S–#VCV#ƒ&S“vV#†S#“V3cs#SS–VSF3#C6cc–Csƒ3“CFV&fS†&&f"  ¥µ·6¶vUÕĞ¦æÖRÒ'v–æF÷w5ö“cƒeövçVÆÇfÒ §fW'6–öâÒ#ãS"ãb §6÷W&6RÒ'&Vv—7G'’¶‡GG3¢òöv—F‡V"æ6öÒ÷'W7BÖÆærö7&FW2æ–òÖ–æFW‚ ¦6†V6·7VÒÒ#VVSS&C3†3“#66sf3Sc6#ƒf36F&CsVcƒ“#ƒv3–CSƒfCs33FS†VCcb  ¥µ·6¶vUÕĞ¦æÖRÒ'v–æF÷w5ö“cƒeö×7f2 §fW'6–öâÒ#ãC"ã" §6÷W&6RÒ'&Vv—7G'’¶‡GG3¢òöv—F‡V"æ6öÒ÷'W7BÖÆærö7&FW2æ–òÖ–æFW‚ ¦6†V6·7VÒÒ#CFCƒC#fV3cC–cCƒC3†Cƒc–3cS†#“&Cƒ“3CVFC“C#v&fSf3CCFCc  ¥µ·6¶vUÕĞ¦æÖRÒ'v–æF÷w5ö“cƒeö×7f2 §fW'6–öâÒ#ãS"ãb §6÷W&6RÒ'&Vv—7G'’¶‡GG3¢òöv—F‡V"æ6öÒ÷'W7BÖÆærö7&FW2æ–òÖ–æFW‚ ¦6†V6·7VÒÒ##C“C†&3V3VSv3fF&&#†&cƒ–Cƒ–ff6S6S33##ƒ–Ss6FVVfSFcfV3Sf3cb  ¥µ·6¶vUÕĞ¦æÖRÒ'v–æF÷w5÷ƒƒeócEövçR §fW'6–öâÒ#ãC"ã" §6÷W&6RÒ'&Vv—7G'’¶‡GG3¢òöv—F‡V"æ6öÒ÷'W7BÖÆærö7&FW2æ–òÖ–æFW‚ ¦6†V6·7VÒÒ#†FS“&#†#†fV#SV3cCƒcv6cCvFF“vc“&CSVfCV#C“Ff#“†cf&&#s6#3b  ¥µ·6¶vUÕĞ¦æÖRÒ'v–æF÷w5÷ƒƒeócEövçR §fW'6–öâÒ#ãS"ãb §6÷W&6RÒ'&Vv—7G'’¶‡GG3¢òöv—F‡V"æ6öÒ÷'W7BÖÆærö7&FW2æ–òÖ–æFW‚ ¦6†V6·7VÒÒ#CvV3ƒ&f&c3vC“6#Sƒ“VCFS3Vc#“vV##f&&##–6“F3V#†#s‚  ¥µ·6¶vUÕĞ¦æÖRÒ'v–æF÷w5÷ƒƒeócEövçVÆÇfÒ §fW'6–öâÒ#ãC"ã" §6÷W&6RÒ'&Vv—7G'’¶‡GG3¢òöv—F‡V"æ6öÒ÷'W7BÖÆærö7&FW2æ–òÖ–æFW‚ ¦6†V6·7VÒÒ##fCC#Cf3fCCS3sC†VFVcCƒfCV3vƒVF##&SSffc3CcC3“ƒFVƒSSFS“F2  ¥µ·6¶vUÕĞ¦æÖRÒ'v–æF÷w5÷ƒƒeócEövçVÆÇfÒ §fW'6–öâÒ#ãS"ãb §6÷W&6RÒ'&Vv—7G'’¶‡GG3¢òöv—F‡V"æ6öÒ÷'W7BÖÆærö7&FW2æ–òÖ–æFW‚ ¦6†V6·7VÒÒ##FCV##6F3CsC#cs“cƒ3“fc&#C–c6FS†3Cs6FV#Sf&C3CCƒs&VfcSVCB  ¥µ·6¶vUÕĞ¦æÖRÒ'v–æF÷w5÷ƒƒeócEö×7f2 §fW'6–öâÒ#ãC"ã" §6÷W&6RÒ'&Vv—7G'’¶‡GG3¢òöv—F‡V"æ6öÒ÷'W7BÖÆærö7&FW2æ–òÖ–æFW‚ ¦6†V6·7VÒÒ#–V3VF33S#CS†3fCF3#SCC–3#“SVfFScC#6#&cVVcf#–c  ¥µ·6¶vUÕĞ¦æÖRÒ'v–æF÷w5÷ƒƒeócEö×7f2 §fW'6–öâÒ#ãS"ãb §6÷W&6RÒ'&Vv—7G'’¶‡GG3¢òöv—F‡V"æ6öÒ÷'W7BÖÆærö7&FW2æ–òÖ–æFW‚ ¦6†V6·7VÒÒ#Sƒ–cfFƒF3cCc#CsCvC#s&SccVcfVC66VC#c3CSCffFf#SS“S–c–V2  ¥µ·6¶vUÕĞ¦æÖRÒ'v–ææ÷r §fW'6–öâÒ#ãRãC §6÷W&6RÒ'&Vv—7G'’¶‡GG3¢òöv—F‡V"æ6öÒ÷'W7BÖÆærö7&FW2æ–òÖ–æFW‚ ¦6†V6·7VÒÒ&cS“6“S3“ƒs3vVVCS6SCƒ–3sƒVFc6c3c†SCF&6Ccs†3fFF&c3“Vcƒsb ¦FWVæFVæ6–W2Ò°¢&ÖVÖ6‡""À¥Ğ ¥µ·6¶vUÕĞ¦æÖRÒ'v–ææ÷r §fW'6–öâÒ#ãrãR §6÷W&6RÒ'&Vv—7G'’¶‡GG3¢òöv—F‡V"æ6öÒ÷'W7BÖÆærö7&FW2æ–òÖ–æFW‚ ¦6†V6·7VÒÒ&Fcs–C“s“#scƒ&C&fC†F##“cƒ&CC#3C6&SF3c†fCc†#sscVC–3S–C3“CR  ¥µ·6¶vUÕĞ¦æÖRÒ'v–ææ÷r §fW'6–öâÒ#ãã2 §6÷W&6RÒ'&Vv—7G'’¶‡GG3¢òöv—F‡V"æ6öÒ÷'W7BÖÆærö7&FW2æ–òÖ–æFW‚ ¦6†V6·7VÒÒ#S“&S3–CScƒSFSffC3ƒ#SsF36ƒSS#SSC–#&c“–C“#ƒ3fSc3“c3S&c ¦FWVæFVæ6–W2Ò°¢&ÖVÖ6‡""À¥Ğ ¥µ·6¶vUÕĞ¦æÖRÒ'v–ç&Vr §fW'6–öâÒ#ãSRã §6÷W&6RÒ'&Vv—7G'’¶‡GG3¢òöv—F‡V"æ6öÒ÷'W7BÖÆærö7&FW2æ–òÖ–æFW‚ ¦6†V6·7VÒÒ&6#VscS33v3SS–V3#S&3#c–&S–&c“3vFcCvf#6#cC&&6S6&cƒ&S“r ¦FWVæFVæ6–W2Ò°¢&6frÖ–b"À¢'v–æF÷w2×7—2ãS’ã"À¥Ğ ¥µ·6¶vUÕĞ¦æÖRÒ'v—BÖ&–æFvVâ §fW'6–öâÒ#ãCbã §6÷W&6RÒ'&Vv—7G'’¶‡GG3¢òöv—F‡V"æ6öÒ÷'W7BÖÆærö7&FW2æ–òÖ–æFW‚ ¦6†V6·7VÒÒ&cvƒSƒƒ6CFSfCS†“v3SƒfFSscFF&63c36cvcCSVF6SV6F3sCvfSS’  ¥µ·6¶vUÕĞ¦æÖRÒ'w&—FV&ÆR §fW'6–öâÒ#ãbã2 §6÷W&6RÒ'&Vv—7G'’¶‡GG3¢òöv—F‡V"æ6öÒ÷'W7BÖÆærö7&FW2æ–òÖ–æFW‚ ¦6†V6·7VÒÒ#ffSS#6#&C6f3ƒcC3fcƒƒ3FS6#S6#ƒ66f3†fS#†VSCCsc†F3B  ¥µ·6¶vUÕĞ¦æÖRÒ'w'’ §fW'6–öâÒ#ãSRã §6÷W&6RÒ'&Vv—7G'’¶‡GG3¢òöv—F‡V"æ6öÒ÷'W7BÖÆærö7&FW2æ–òÖ–æFW‚ ¦6†V6·7VÒÒ#ƒfc“ƒsFSVfC–3cSs†#ƒCC–FSSƒ3cs6F#vf#s&#Cc&C#3#66S“SB ¦FWVæFVæ6–W2Ò°¢&&6ScBã#"ã"À¢&&Æö6³""À¢&6öö¶–R"À¢&7&÷76&VÒÖ6†ææVÂ"À¢&F—'2"À¢&FöÕ÷VW'’"À¢&G’"À¢&GVæ6R"À¢&vF·ƒ"À¢&wF²"À¢&‡GG"À¢&¦f67&—F6÷&R×'2"À¢&¦æ’"À¢&Æ–&2"À¢&æF²"À¢&ö&¦3""À¢&ö&¦3"ÖÖ¶—B"À¢&ö&¦3"Ö6÷&RÖf÷VæFF–öâ"À¢&ö&¦3"Öf÷VæFF–öâ"À¢&ö&¦3"×V’Ö¶—B"À¢&ö&¦3"×vV"Ö¶—B"À¢&öæ6Uö6VÆÂ"À¢'W&6VçBÖVæ6öF–ær"À¢'&r×v–æF÷rÖ†æFÆR"À¢'6†""À¢'6÷W2"À¢'FòÖÖ7&÷2"À¢'F†—6W'&÷""ãã‚"À¢'W&Â"À¢'vV&¶—C&wF²"À¢'vV&¶—C&wF²×7—2"À¢'vV'f–Ws"Ö6öÒ"À¢'v–æF÷w2"À¢'v–æF÷w2Ö6÷&R"À¢'v–æF÷w2×fW'6–öâ"À¢'ƒÖFÂ"À¥Ğ ¥µ·6¶vUÕĞ¦æÖRÒ'ƒ §fW'6–öâÒ#"ã#ã §6÷W&6RÒ'&Vv—7G'’¶‡GG3¢òöv—F‡V"æ6öÒ÷'W7BÖÆærö7&FW2æ–òÖ–æFW‚ ¦6†V6·7VÒÒ#S&FSCcF66CCccv#3C3V6#““#ƒ#&3&3F&FSss3“ƒƒCƒC3&F#&R ¦FWVæFVæ6–W2Ò°¢&Æ–&2"À¢'¶rÖ6öæf–r"À¥Ğ ¥µ·6¶vUÕĞ¦æÖRÒ'ƒÖFÂ §fW'6–öâÒ#"ã#ã §6÷W&6RÒ'&Vv—7G'’¶‡GG3¢òöv—F‡V"æ6öÒ÷'W7BÖÆærö7&FW2æ–òÖ–æFW‚ ¦6†V6·7VÒÒ#3ƒs3S“#FfVFCS3FfSSCƒs“#“FVC†3fFScc3c#ƒV6#–fV3FCV#F#ƒV3Sfb ¦FWVæFVæ6–W2Ò°¢&Æ–&2"À¢&öæ6Uö6VÆÂ"À¢'¶rÖ6öæf–r"À¥Ğ ¥µ·6¶vUÕĞ¦æÖRÒ'–ö¶R §fW'6–öâÒ#ã‚ã2 §6÷W&6RÒ'&Vv—7G'’¶‡GG3¢òöv—F‡V"æ6öÒ÷'W7BÖÆærö7&FW2æ–òÖ–æFW‚ ¦6†V6·7VÒÒ#s–fS#6C#F#fC3VCƒ#S&#&C6fFf#ƒ33CƒvCVf“CVCC#sc&“ƒ“fVcR ¦FWVæFVæ6–W2Ò°¢'7F&ÆUöFW&Ve÷G&—B"À¢'–ö¶RÖFW&—fR"À¢'¦W&ög&öÒ"À¥Ğ ¥µ·6¶vUÕĞ¦æÖRÒ'–ö¶RÖFW&—fR §fW'6–öâÒ#ã‚ã" §6÷W&6RÒ'&Vv—7G'’¶‡GG3¢òöv—F‡V"æ6öÒ÷'W7BÖÆærö7&FW2æ–òÖ–æFW‚ ¦6†V6·7VÒÒ&FSƒCF3#c&3ƒƒCƒƒcs&6VcSS#ƒ†SvF3f3v#sƒF#FVSSf#6SSS6c#sVcƒS†R ¦FWVæFVæ6–W2Ò°¢'&ö2ÖÖ7&ó""À¢'V÷FR"À¢'7–â"ãã‚"À¢'7–ç7G'V7GW&R"À¥Ğ ¥µ·6¶vUÕĞ¦æÖRÒ'¦W&ög&öÒ §fW'6–öâÒ#ãã‚ §6÷W&6RÒ'&Vv—7G'’¶‡GG3¢òöv—F‡V"æ6öÒ÷'W7BÖÆærö7&FW2æ–òÖ–æFW‚ ¦6†V6·7VÒÒ#V3Vƒ6VƒfcfCsSC–6Cƒ#FFF&vFfSs#†VCVcc†Sf3S#s" ¦FWVæFVæ6–W2Ò°¢'¦W&ög&öÒÖFW&—fR"À¥Ğ ¥µ·6¶vUÕĞ¦æÖRÒ'¦W&ög&öÒÖFW&—fR §fW'6–öâÒ#ããr §6÷W&6RÒ'&Vv—7G'’¶‡GG3¢òöv—F‡V"æ6öÒ÷'W7BÖÆærö7&FW2æ–òÖ–æFW‚ ¦6†V6·7VÒÒ#S3#S†3Ccc“6cc#S“6Vƒ3S†fVCf&&cc†3VSƒS–&CCf&FScƒF ¦FWVæFVæ6–W2Ò°¢'&ö2ÖÖ7&ó""À¢'V÷FR"À¢'7–â"ãã‚"À¢'7–ç7G'V7GW&R"À¥Ğ ¥µ·6¶vUÕĞ¦æÖRÒ'¦W&÷G&–R §fW'6–öâÒ#ã"ãB §6÷W&6RÒ'&Vv—7G'’¶‡GG3¢òöv—F‡V"æ6öÒ÷'W7BÖÆærö7&FW2æ–òÖ–æFW‚ ¦6†V6·7VÒÒ#c“S&C3F#s“&fƒ6csf#&cƒ3C†Vff#V3cV#†3scƒf33CS–S3cC–&3#&b ¦FWVæFVæ6–W2Ò°¢&F—7Æ–Fö2"À¢'–ö¶R"À¢'¦W&ög&öÒ"À¥Ğ ¥µ·6¶vUÕĞ¦æÖRÒ'¦W&÷fV2 §fW'6–öâÒ#ããb §6÷W&6RÒ'&Vv—7G'’¶‡GG3¢òöv—F‡V"æ6öÒ÷'W7BÖÆærö7&FW2æ–òÖ–æFW‚ ¦6†V6·7VÒÒ#“c“6&33S–#fcs3svC#C###VcFCsS–V3ƒvVsƒƒ“ƒv#†6Cv##3’ ¦FWVæFVæ6–W2Ò°¢'–ö¶R"À¢'¦W&ög&öÒ"À¢'¦W&÷fV2ÖFW&—fR"À¥Ğ ¥µ·6¶vUÕĞ¦æÖRÒ'¦W&÷fV2ÖFW&—fR §fW'6–öâÒ#ãã2 §6÷W&6RÒ'&Vv—7G'’¶‡GG3¢òöv—F‡V"æ6öÒ÷'W7BÖÆærö7&FW2æ–òÖ–æFW‚ ¦6†V6·7VÒÒ#c#VF3C#V6#F6fF36333“SfScS“6F6#†–c3ƒvV6##ƒFF&CS&“&3CSSR ¦FWVæFVæ6–W2Ò°¢'&ö2ÖÖ7&ó""À¢'V÷FR"À¢'7–â"ãã‚"À¥Ğ ¥µ·6¶vUÕĞ¦æÖRÒ'¦Ö–¢ §fW'6–öâÒ#ãã# §6÷W&6RÒ'&Vv—7G'’¶‡GG3¢òöv—F‡V"æ6öÒ÷'W7BÖÆærö7&FW2æ–òÖ–æFW‚ ¦6†V6·7VÒÒ&#ƒƒC†VScvV63†VF&c6SC###vfcƒ“#c3“#3&Vf3f#S†C#–ffcF3&6& 