{
  "name": "opie-mvp",
  "version": "0.2.1",
  "lockfileVersion": 3,
  "requires": true,
  "packages": {
    "": {
      "name": "opie-mvp",
      "version": "0.2.1",
      "dependencies": {
        "@tauri-apps/api": "2.11.1",
        "react": "19.2.7",
        "react-dom": "19.2.7"
      },
      "devDependencies": {
        "@tauri-apps/cli": "2.11.4",
        "@testing-library/dom": "10.4.1",
        "@testing-library/react": "16.3.2",
        "@types/node": "24.13.3",
        "@types/react": "19.2.2",
        "@types/react-dom": "19.2.2",
        "@vitejs/plugin-react": "6.0.4",
        "jsdom": "30.0.0",
        "typescript": "7.0.2",
        "vite": "8.1.5",
        "vitest": "4.1.10"
      },
      "engines": {
        "node": ">=24 <25",
        "npm": ">=11 <12"
      }
    },
    "node_modules/@asamuzakjp/css-color": {
      "version": "6.0.5",
      "resolved": "https://registry.npmjs.org/@asamuzakjp/css-color/-/css-color-6.0.5.tgz",
      "integrity": "sha512-mbhpPMmnw/kwW19aRNmSUl1QzLbdGo1SCuE49BT98MNwqF6zaHb3o2owssFc/PEO/4t2UjqtCNwocuDtJornzA==",
      "dev": true,
      "license": "MIT",
      "dependencies": {
        "@csstools/css-calc": "^3.2.1",
        "@csstools/css-color-parser": "^4.1.9",
        "@csstools/css-parser-algorithms": "^4.0.0",
        "@csstools/css-tokenizer": "^4.0.0",
        "lru-cache": "^11.5.2"
      },
      "engines": {
        "node": "^22.13.0 || >=24.0.0"
      }
    },
    "node_modules/@asamuzakjp/dom-selector": {
      "version": "8.3.0",
      "resolved": "https://registry.npmjs.org/@asamuzakjp/dom-selector/-/dom-selector-8.3.0.tgz",
      "integrity": "sha512-UJLfKXBhrc8i1vH2eJXuYQMwlsLKWFw3O+CPqXSuVEiikeAim3UgrfWX0k4tA/X8cRFM8iZ7OaqBokFGbYusdg==",
      "dev": true,
      "license": "MIT",
      "dependencies": {
        "bidi-js": "^1.0.3",
        "css-tree": "^3.2.1",
        "is-potential-custom-element-name": "^1.0.1",
        "lru-cache": "^11.5.2"
      },
      "engines": {
        "node": "^22.13.0 || >=24.0.0"
      }
    },
    "node_modules/@babel/code-frame": {
      "version": "7.29.7",
      "resolved": "https://registry.npmjs.org/@babel/code-frame/-/code-frame-7.29.7.tgz",
      "integrity": "sha512-Aup7aUOfpbAUg2ROOJN6Iw5f9DMBlzu0mIkm/malLQFN/YQgO48wCj0Kxa3sEHJvPVFg7siR+qRInwXd2qhQKw==",
      "dev": true,
      "license": "MIT",
      "dependencies": {
        "@babel/helper-validator-identifier": "^7.29.7",
        "js-tokens": "^4.0.0",
        "picocolors": "^1.1.1"
      },
      "engines": {
        "node": ">=6.9.0"
      }
    },
    "node_modules/@babel/helper-validator-identifier": {
      "version": "7.29.7",
      "resolved": "https://registry.npmjs.org/@babel/helper-validator-identifier/-/helper-validator-identifier-7.29.7.tgz",
      "integrity": "sha512-qehxGkRj55h/ff8EMaJ+cYhyaKlHIxqYDn682wQD7RNp9UujOQsHog2uS0r2vzr4pW+sXf90NeeayjcNaX3fFg==",
      "dev": true,
      "license": "MIT",
      "engines": {
        "node": ">=6.9.0"
      }
    },
    "node_modules/@babel/runtime": {
      "version": "7.29.7",
      "resolved": "https://registry.npmjs.org/@babel/runtime/-/runtime-7.29.7.tgz",
      "integrity": "sha512-Nq8OhGWiZIZGV6hLHoyAKLLcJihP/xFeBMGJoUrxTX2psI8dCifzLhZISFb+VWS3wFMRDmCGw5R+dOySCqPLhw==",
      "dev": true,
      "license": "MIT",
      "engines": {
        "node": ">=6.9.0"
      }
    },
    "node_modules/@bramus/specificity": {
      "version": "2.4.2",
      "resolved": "https://registry.npmjs.org/@bramus/specificity/-/specificity-2.4.2.tgz",
      "integrity": "sha512-ctxtJ/eA+t+6q2++vj5j7FYX3nRu311q1wfYH3xjlLOsczhlhxAg2FWNUXhpGvAw3BWo1xBcvOV6/YLc2r5FJw==",
      "dev": true,
      "license": "MIT",
      "dependencies": {
        "css-tree": "^3.0.0"
      },
      "bin": {
        "specificity": "bin/cli.js"
      }
    },
    "node_modules/@csstools/color-helpers": {
      "version": "6.1.0",
      "resolved": "https://registry.npmjs.org/@csstools/color-helpers/-/color-helpers-6.1.0.tgz",
      "integrity": "sha512-064IFJdjTfUqnjpCVpMOdbr8FLQBhinbZj6yRv2An2E41O/pLEXqfFRWqGq/SxlE5PEUYTlvWsG2r8MswAVvkg==",
      "dev": true,
      "funding": [
        {
          "type": "github",
          "url": "https://github.com/sponsors/csstools"
        },
        {
          "type": "opencollective",
          "url": "https://opencollective.com/csstools"
        }
      ],
      "license": "MIT-0",
      "engines": {
        "node": ">=20.19.0"
      }
    },
    "node_modules/@csstools/css-calc": {
      "version": "3.3.0",
      "resolved": "https://registry.npmjs.org/@csstools/css-calc/-/css-calc-3.3.0.tgz",
      "integrity": "sha512-c5ihYsPkdG6JCkU2zTMm4+k6r7RXuGxtWYhu5DHMIiF1FHzrfmHL5so11AoFpUv/tu61xfcmT4AmKoFfMPoqdQ==",
      "dev": true,
      "funding": [
        {
          "type": "github",
          "url": "https://github.com/sponsors/csstools"
        },
        {
          "type": "opencollective",
          "url": "https://opencollective.com/csstools"
        }
      ],
      "license": "MIT",
      "engines": {
        "node": ">=20.19.0"
      },
      "peerDependencies": {
        "@csstools/css-parser-algorithms": "^4.0.0",
        "@csstools/css-tokenizer": "^4.0.0"
      }
    },
    "node_modules/@csstools/css-color-parser": {
      "version": "4.1.10",
      "resolved": "https://registry.npmjs.org/@csstools/css-color-parser/-/css-color-parser-4.1.10.tgz",
      "integrity": "sha512-UZhQLIUyJaaMepqehrCODwCg2KW25vFvLWBmqYFaPclYvvxzj/sG8LBOhBFCp11i9uE7t1EyS+RAoV9tztPFyw==",
      "dev": true,
      "funding": [
        {
          "type": "github",
          "url": "https://github.com/sponsors/csstools"
        },
        {
          "type": "opencollective",
          "url": "https://opencollective.com/csstools"
        }
      ],
      "license": "MIT",
      "dependencies": {
        "@csstools/color-helpers": "^6.1.0",
        "@csstools/css-calc": "^3.3.0"
      },
      "engines": {
        "node": ">=20.19.0"
      },
      "peerDependencies": {
        "@csstools/css-parser-algorithms": "^4.0.0",
        "@csstools/css-tokenizer": "^4.0.0"
      }
    },
    "node_modules/@csstools/css-parser-algorithms": {
      "version": "4.0.0",
      "resolved": "https://registry.npmjs.org/@csstools/css-parser-algorithms/-/css-parser-algorithms-4.0.0.tgz",
      "integrity": "sha512-+B87qS7fIG3L5h3qwJ/IFbjoVoOe/bpOdh9hAjXbvx0o8ImEmUsGXN0inFOnk2ChCFgqkkGFQ+TpM5rbhkKe4w==",
      "dev": true,
      "funding": [
        {
          "type": "github",
          "url": "https://github.com/sponsors/csstools"
        },
        {
          "type": "opencollective",
          "url": "https://opencollective.com/csstools"
        }
      ],
      "license": "MIT",
      "engines": {
        "node": ">=20.19.0"
      },
      "peerDependencies": {
        "@csstools/css-tokenizer": "^4.0.0"
      }
    },
    "node_modules/@csstools/css-syntax-patches-for-csstree": {
      "version": "1.1.7",
      "resolved": "https://registry.npmjs.org/@csstools/css-syntax-patches-for-csstree/-/css-syntax-patches-for-csstree-1.1.7.tgz",
      "integrity": "sha512-fQ+05118eQS1cofO3aJpB5efgpBZMvIzwr/sbC8kDLVA5XLG8q1kJV5yzrUAI1f7lvhPnm8fgIjzFB8/O/5Dig==",
      "dev": true,
      "funding": [
        {
          "type": "github",
          "url": "https://github.com/sponsors/csstools"
        },
        {
          "type": "opencollective",
          "url": "https://opencollective.com/csstools"
        }
      ],
      "license": "MIT-0",
      "peerDependencies": {
        "css-tree": "^3.2.1"
      },
      "peerDependenciesMeta": {
        "css-tree": {
          "optional": true
        }
      }
    },
    "node_modules/@csstools/css-tokenizer": {
      "version": "4.0.0",
      "resolved": "https://registry.npmjs.org/@csstools/css-tokenizer/-/css-tokenizer-4.0.0.tgz",
      "integrity": "sha512-QxULHAm7cNu72w97JUNCBFODFaXpbDg+dP8b/oWFAZ2MTRppA3U00Y2L1HqaS4J6yBqxwa/Y3nMBaxVKbB/NsA==",
      "dev": true,
      "funding": [
        {
          "type": "github",
          "url": "https://github.com/sponsors/csstools"
        },
        {
          "type": "opencollective",
          "url": "https://opencollective.com/csstools"
        }
      ],
      "license": "MIT",
      "engines": {
        "node": ">=20.19.0"
      }
    },
    "node_modules/@emnapi/core": {
      "version": "2.0.0-alpha.3",
      "resolved": "https://registry.npmjs.org/@emnapi/core/-/core-2.0.0-alpha.3.tgz",
      "integrity": "sha512-AZypUeJ/yByuxyS7BlSNRDOMLMlROYtjYdIAuBmJssVz1UJDSeYxLrdizhXCFYhedC5bqd/ASy8EuNXbVVXp9g==",
      "dev": true,
      "license": "MIT",
      "optional": true,
      "peer": true,
      "dependencies": {
        "@emnapi/wasi-threads": "2.0.1",
        "tslib": "^2.4.0"
      }
    },
    "node_modules/@emnapi/runtime": {
      "version": "2.0.0-alpha.3",
      "resolved": "https://registry.npmjs.org/@emnapi/runtime/-/runtime-2.0.0-alpha.3.tgz",
      "integrity": "sha512-hFPAhMUjJD9BSyCANEISPOogeXC9Zo9ZQl7L6vKnaVsMkCtzznaW/naYypeyl0Gv5rYfWYsZbpixTMpjDJzQeA==",
      "dev": true,
      "license": "MIT",
      "optional": true,
      "peer": true,
      "dependencies": {
        "tslib": "^2.4.0"
      }
    },
    "node_modules/@emnapi/wasi-threads": {
      "version": "2.0.1",
      "resolved": "https://registry.npmjs.org/@emnapi/wasi-threads/-/wasi-threads-2.0.1.tgz",
      "integrity": "sha512-9DsSk+o5NBX0CCJT8s0EROGSGxjR/tKu6aBTaVyq+SjAEQH4XcdcRxPBRzsBLizTTJ49MJjF+jgu3qnO9GLQcQ==",
      "dev": true,
      "license": "MIT",
      "optional": true,
      "peer": true,
      "dependencies": {
        "tslib": "^2.4.0"
      }
    },
    "node_modules/@exodus/bytes": {
      "version": "1.15.1",
      "resolved": "https://registry.npmjs.org/@exodus/bytes/-/bytes-1.15.1.tgz",
      "integrity": "sha512-S6mL0yNB/Abt9Ei4tq8gDhcczc4S3+vQ4ra7vxnAf+YHC02srtqxKKZghx2Dq6p0e66THKwR6r8N6P95wEty7Q==",
      "dev": true,
      "license": "MIT",
      "engines": {
        "node": "^20.19.0 || ^22.12.0 || >=24.0.0"
      },
      "peerDependencies": {
        "@noble/hashes": "^1.8.0 || ^2.0.0"
      },
      "peerDependenciesMeta": {
        "@noble/hashes": {
          "optional": true
        }
      }
    },
    "node_modules/@jridgewell/sourcemap-codec": {
      "version": "1.5.5",
      "resolved": "https://registry.npmjs.org/@jridgewell/sourcemap-codec/-/sourcemap-codec-1.5.5.tgz",
      "integrity": "sha512-cYQ9310grqxueWbl+WuIUIaiUaDcj7WOq5fVhEljNVgRfOUhY9fy2zTvfoqWsnebh8Sl70VScFbICvJnLKB0Og==",
      "dev": true,
      "license": "MIT"
    },
    "node_modules/@napi-rs/wasm-runtime": {
      "version": "1.2.0",
      "resolved": "https://registry.npmjs.org/@napi-rs/wasm-runtime/-/wasm-runtime-1.2.0.tgz",
      "integrity": "sha512-kDoONqMa+VnZ4vvvu/ZUurpJ4gkZU57e7g69qpNgWhYcZFPUHZM2CEMKm+cG6ufDVALbjMvfmMjFVqaK7uEMnA==",
      "dev": true,
      "license": "MIT",
      "optional": true,
      "dependencies": {
        "@tybys/wasm-util": "^0.10.3"
      },
      "engines": {
        "node": "^20.19.0 || ^22.13.0 || >=23.5.0"
      },
      "funding": {
        "type": "github",
        "url": "https://github.com/sponsors/Brooooooklyn"
      },
      "peerDependencies": {
        "@emnapi/core": "^2.0.0-alpha.3",
        "@emnapi/runtime": "^2.0.0-alpha.3"
      }
    },
    "node_modules/@oxc-project/types": {
      "version": "0.139.0",
      "resolved": "https://registry.npmjs.org/@oxc-project/types/-/types-0.139.0.tgz",
      "integrity": "sha512-r9gHphtCs+1M7J0pw6Sn/hh/Wpa/iQrOOkrNAlVLF/gHq+/CJmHIWKKUUhdWjcD6CIa8idarspCsASiXCXvFUw==",
      "dev": true,
      "license": "MIT",
      "funding": {
        "url": "https://github.com/sponsors/Boshen"
      }
    },
    "node_modules/@rolldown/binding-android-arm64": {
      "version": "1.1.5",
      "resolved": "https://registry.npmjs.org/@rolldown/binding-android-arm64/-/binding-android-arm64-1.1.5.tgz",
      "integrity": "sha512-lZg8fqIv2v7FF237bwMgzGZEJvGL79/s5knJ/i6FmsGF4XXlzccZ4jb+TrFIxtSSxFtIpdsgrPZeMk1I9AFcyQ==",
      "cpu": [
        "arm64"
      ],
      "dev": true,
      "license": "MIT",
      "optional": true,
      "os": [
        "android"
      ],
      "engines": {
        "node": "^20.19.0 || >=22.12.0"
      }
    },
    "node_modules/@rolldown/binding-darwin-arm64": {
      "version": "1.1.5",
      "resolved": "https://registry.npmjs.org/@rolldown/binding-darwin-arm64/-/binding-darwin-arm64-1.1.5.tgz",
      "integrity": "sha512-51Bnx9pNiMRKSUNtBfySkNJ9vMU9Hh3I1ozDd6gyPPYzaXCfnptUcEZxXGYFn+ul2dtcMUiqGR1Yai2K10uoTw==",
      "cpu": [
        "arm64"
      ],
      "dev": true,
      "license": "MIT",
      "optional": true,
      "os": [
        "darwin"
      ],
      "engines": {
        "node": "^20.19.0 || >=22.12.0"
      }
    },
    "node_modules/@rolldown/binding-darwin-x64": {
      "version": "1.1.5",
      "resolved": "https://registry.npmjs.org/@rolldown/binding-darwin-x64/-/binding-darwin-x64-1.1.5.tgz",
      "integrity": "sha512-Tm+gbfC0aHu1tBA/JvKQh32S0K6YgCHkiAF4/W6xX0K0RmNuc94VeK419dJoE65R5aRxmo+noZQSWrAMF6yb6g==",
      "cpu": [
        "x64"
      ],
      "dev": true,
      "license": "MIT",
      "optional": true,
      "os": [
        "darwin"
      ],
      "engines": {
        "node": "^20.19.0 || >=22.12.0"
      }
    },
    "node_modules/@rolldown/binding-freebsd-x64": {
      "version": "1.1.5",
      "resolved": "https://registry.npmjs.org/@rolldown/binding-freebsd-x64/-/binding-freebsd-x64-1.1.5.tgz",
      "integrity": "sha512-JMzDKCCXq93YccG5gz3hvOs1oXRKAf0XYpfOS88e+wZrC8Iugj6j68867vrYZkvpDDpKn/KoKORThmchMpF6TA==",
      "cpu": [
        "x64"
      ],
      "dev": true,
      "license": "MIT",
      "optional": true,
      "os": [
        "freebsd"
      ],
      "engines": {
        "node": "^20.19.0 || >=22.12.0"
      }
    },
    "node_modules/@rolldown/binding-linux-arm-gnueabihf": {
      "version": "1.1.5",
      "resolved": "https://registry.npmjs.org/@rolldown/binding-linux-arm-gnueabihf/-/binding-linux-arm-gnueabihf-1.1.5.tgz",
      "integrity": "sha512-uML21j2K5TfPGutKxub+M+nLjZIrWjXQ5Grx4lCe/nimTj9B4L63zHpjXLl4y0L3mcm2htEQIb06oCG/szerNw==",
      "cpu": [
        "arm"
      ],
      "dev": true,
      "license": "MIT",
      "optional": true,
      "os": [
        "linux"
      ],
      "engines": {
        "node": "^20.19.0 || >=22.12.0"
      }
    },
    "node_modules/@rolldown/binding-linux-arm64-gnu": {
      "version": "1.1.5",
      "resolved": "https://registry.npmjs.org/@rolldown/binding-linux-arm64-gnu/-/binding-linux-arm64-gnu-1.1.5.tgz",
      "integrity": "sha512-nÛ_5æÚ$z{-®éÜj×…t³ÖT'uDô“uGE%%$¦âôW3¦‡'$4‡SvsÓÒ"ÀÐ¢&FWb#¢G'VRÀÐ¢&Æ–6Vç6R#¢$•42 Ð¢ÒÀÐ¢&æöFUöÖöGVÆW2÷6÷W&6RÖÖÖ§2#¢°Ð¢'fW'6–öâ#¢#ã"ã"ÀÐ¢'&W6öÇfVB#¢&‡GG3¢ò÷&Vv—7G'’æçÖ§2æ÷&r÷6÷W&6RÖÖÖ§2òÒ÷6÷W&6RÖÖÖ§2Óã"ãçFw¢"ÀÐ¢&–çFVw&—G’#¢'6†S"ÕU…tÔ¶„Ä÷ud¶#s#„•WE‡†e•R·W6G–'EW$²ó‡TtS„5×g&„÷wg¤D'v£…4ÃtÕ3wd—4•4$s…e‚´”E‡eÓÒ"ÀÐ¢&FWb#¢G'VRÀÐ¢&Æ–6Vç6R#¢$%4BÓ2Ô6ÆW6R"ÀÐ¢&Væv–æW2#¢°Ð¢&æöFR#¢#ãÓãã Ð¢ÐÐ¢ÒÀÐ¢&æöFUöÖöGVÆW2÷7F6¶&6²#¢°Ð¢'fW'6–öâ#¢#ãã""ÀÐ¢'&W6öÇfVB#¢&‡GG3¢ò÷&Vv—7G'’æçÖ§2æ÷&r÷7F6¶&6²òÒ÷7F6¶&6²Óãã"çFw¢"ÀÐ¢&–çFVw&—G’#¢'6†S"Ó„Ô¤SVeó¤tƒe’óvV&çuô$V´”VåCEc3&CU#µe†E‡fTÓ”$Ô§C‡¦f…ƒ5…gw%–R³Ssb¶¦´çE53&Ô&'sÓÒ"ÀÐ¢&FWb#¢G'VRÀÐ¢&Æ–6Vç6R#¢$Ô•B Ð¢ÒÀÐ¢&æöFUöÖöGVÆW2÷7FBÖVçb#¢°Ð¢'fW'6–öâ#¢#Bã"ã"ÀÐ¢'&W6öÇfVB#¢&‡GG3¢ò÷&Vv—7G'’æçÖ§2æ÷&r÷7FBÖVçbòÒ÷7FBÖVçbÓBã"ãçFw¢"ÀÐ¢&–çFVw&—G’#¢'6†S"Öô5Tµ7WµD…ƒS4W–¤GGU¥cG¤Ä£g•”7GÔWsvõ—‡F¤s”·%&S„´6Ã'D%TuS”G”Ö4£'t£„w¤g¤Õ†5…s'sÓÒ"ÀÐ¢&FWb#¢G'VRÀÐ¢&Æ–6Vç6R#¢$Ô•B Ð¢ÒÀÐ¢&æöFUöÖöGVÆW2÷7–Ö&öÂ×G&VR#¢°Ð¢'fW'6–öâ#¢#2ã"ãB"ÀÐ¢'&W6öÇfVB#¢&‡GG3¢ò÷&Vv—7G'’æçÖ§2æ÷&r÷7–Ö&öÂ×G&VRòÒ÷7–Ö&öÂ×G&VRÓ2ã"ãBçFw¢"ÀÐ¢&–çFVw&—G’#¢'6†S"Ó•æ³T·tDb´'g¢µ”ö&¶Õ5–¤“V·5eU—F¥stS#'#$ä¶6dÄ¦5‡“f†´EuS2µ†æD÷5V"´•†g¦d5C$ò´4åuCUGsÓÒ"ÀÐ¢&FWb#¢G'VRÀÐ¢&Æ–6Vç6R#¢$Ô•B Ð¢ÒÀÐ¢&æöFUöÖöGVÆW2÷F–ç–&Væ6‚#¢°Ð¢'fW'6–öâ#¢#"ã’ã"ÀÐ¢'&W6öÇfVB#¢&‡GG3¢ò÷&Vv—7G'’æçÖ§2æ÷&r÷F–ç–&Væ6‚òÒ÷F–ç–&Væ6‚Ó"ã’ãçFw¢"ÀÐ¢&–çFVw&—G’#¢'6†S"Ó´EWgtÕfÄÆÖ†fÇ#F´C†”Ô³‡¥cö¶ä7Ev#—c“cCFåôÔf#u3&'†÷…¥E„W''•…fuTögc%—æÆÇvVsÓÒ"ÀÐ¢&FWb#¢G'VRÀÐ¢&Æ–6Vç6R#¢$Ô•B Ð¢ÒÀÐ¢&æöFUöÖöGVÆW2÷F–ç–W†V2#¢°Ð¢'fW'6–öâ#¢#ã"ãB"ÀÐ¢'&W6öÇfVB#¢&‡GG3¢ò÷&Vv—7G'’æçÖ§2æ÷&r÷F–ç–W†V2òÒ÷F–ç–W†V2Óã"ãBçFw¢"ÀÐ¢&–çFVw&—G’#¢'6†S"Õ4†b÷#C†#wd÷&§fS•„¦ó4ÔãWcW—W–¤‡fEV7%feC5u„ÕVfävÔ„Ef$3F³74„¦¥Fu¤7wWÄ–óTçD×—5”†sÓÒ"ÀÐ¢&FWb#¢G'VRÀÐ¢&Æ–6Vç6R#¢$Ô•B"ÀÐ¢&Væv–æW2#¢°Ð¢&æöFR#¢#ãÓ‚ Ð¢ÐÐ¢ÒÀÐ¢&æöFUöÖöGVÆW2÷F–ç–vÆö&'’#¢°Ð¢'fW'6–öâ#¢#ã"ãr"ÀÐ¢'&W6öÇfVB#¢&‡GG3¢ò÷&Vv—7G'’æçÖ§2æ÷&r÷F–ç–vÆö&'’òÒ÷F–ç–vÆö&'’Óã"ãrçFw¢"ÀÐ¢&–çFVw&—G’#¢'6†S"×u…"öE—7¶ÖewVE¦¦”´¤÷t4äfæDCDÖç%rö5–¥dwGDV´&efv4Äd†ôç&Æ£CvÖ¤õf–3——”çScVÇ6tcDå•F&sÓÒ"ÀÐ¢&FWb#¢G'VRÀÐ¢&Æ–6Vç6R#¢$Ô•B"ÀÐ¢&FWVæFVæ6–W2#¢°Ð¢&fF—"#¢%ãbãRã"ÀÐ¢'–6öÖF6‚#¢%ãBããB Ð¢ÒÀÐ¢&Væv–æW2#¢°Ð¢&æöFR#¢#ãÓ"ãã Ð¢ÒÀÐ¢&gVæF–ær#¢°Ð¢'W&Â#¢&‡GG3¢òöv—F‡V"æ6öÒ÷7öç6÷'2õ7WW&6‡WTFWb Ð¢ÐÐ¢ÒÀÐ¢&æöFUöÖöGVÆW2÷F–ç—&–æ&÷r#¢°Ð¢'fW'6–öâ#¢#2ãã"ÀÐ¢'&W6öÇfVB#¢&‡GG3¢ò÷&Vv—7G'’æçÖ§2æ÷&r÷F–ç—&–æ&÷ròÒ÷F–ç—&–æ&÷rÓ2ããçFw¢"ÀÐ¢&–çFVw&—G’#¢'6†S"×–S‡”¦EGC“ƒ”ÖÓ&Bó#3eç¤V•c'„ÄÅGU¥%T¤öòó44#s„Å7w¦V“3C4FwD¥fÖd¤´¤S5DÔ”å“SC%55fÕ‡sÓÒ"ÀÐ¢&FWb#¢G'VRÀÐ¢&Æ–6Vç6R#¢$Ô•B"ÀÐ¢&Væv–æW2#¢°Ð¢&æöFR#¢#ãÓBãã Ð¢ÐÐ¢ÒÀÐ¢&æöFUöÖöGVÆW2÷FÆGG2#¢°Ð¢'fW'6–öâ#¢#rãBã’"ÀÐ¢'&W6öÇfVB#¢&‡GG3¢ò÷&Vv—7G'’æçÖ§2æ÷&r÷FÆGG2òÒ÷FÆGG2ÓrãBã’çFw¢"ÀÐ¢&–çFVw&—G’#¢'6†S"Ó6µ£‡uö³TG$6„CEƒDegg#$CtSWVõ&tµ”Ç44uWg÷gR´¤VG#6×tÕVev"·dÔ…¦¶„cVg%&–t·7V“v„ÓÒ"ÀÐ¢&FWb#¢G'VRÀÐ¢&Æ–6Vç6R#¢$Ô•B"ÀÐ¢&FWVæFVæ6–W2#¢°Ð¢'FÆGG2Ö6÷&R#¢%ãrãBã’ Ð¢ÒÀÐ¢&&–â#¢°Ð¢'FÆGG2#¢&&–âö6Æ’æ§2 Ð¢ÐÐ¢ÒÀÐ¢&æöFUöÖöGVÆW2÷FÆGG2Ö6÷&R#¢°Ð¢'fW'6–öâ#¢#rãBã’"ÀÐ¢'&W6öÇfVB#¢&‡GG3¢ò÷&Vv—7G'’æçÖ§2æ÷&r÷FÆGG2Ö6÷&RòÒ÷FÆGG2Ö6÷&RÓrãBã’çFw¢"ÀÐ¢&–çFVw&—G’#¢'6†S"ÔG„¶e$“S'&×5DWStÕ†GDED&†…esó…¥6¶W”dó6TÕ”VÅƒSCVw$—fæåDt”Õ¦Å'de¥df‡d’õt—£%fsÓÒ"ÀÐ¢&FWb#¢G'VRÀÐ¢&Æ–6Vç6R#¢$Ô•B Ð¢ÒÀÐ¢&æöFUöÖöGVÆW2÷F÷Vv‚Ö6öö¶–R#¢°Ð¢'fW'6–öâ#¢#bãã""ÀÐ¢'&W6öÇfVB#¢&‡GG3¢ò÷&Vv—7G'’æçÖ§2æ÷&r÷F÷Vv‚Ö6öö¶–RòÒ÷F÷Vv‚Ö6öö¶–RÓbãã"çFw¢"ÀÐ¢&–çFVw&—G’#¢'6†S"ÖW†u–ÖæÔÂ÷4§#7W¦e„sUöE…–“SW„•„u‡¥’·5$ôÅ¢õ’µ4Æ7•t¤ä“•g£3t‡sEwdF4ÅC†WÒ¶µc4g§$ÓÒ"ÀÐ¢&FWb#¢G'VRÀÐ¢&Æ–6Vç6R#¢$%4BÓ2Ô6ÆW6R"ÀÐ¢&FWVæFVæ6–W2#¢°Ð¢'FÆGG2#¢%ãrããR Ð¢ÒÀÐ¢&Væv–æW2#¢°Ð¢&æöFR#¢#ãÓb Ð¢ÐÐ¢ÒÀÐ¢&æöFUöÖöGVÆW2÷G#Cb#¢°Ð¢'fW'6–öâ#¢#bãã"ÀÐ¢'&W6öÇfVB#¢&‡GG3¢ò÷&Vv—7G'’æçÖ§2æ÷&r÷G#CbòÒ÷G#CbÓbããçFw¢"ÀÐ¢&–çFVw&—G’#¢'6†S"Ö$ÅdÔÅG7FÅ£F”Õ‡d…E#ttv£&§†“„Fs3&ƒ$ÖdSGU5tc“„d2ó4ÖöÕSS•Öc‚÷EV$µvcTw‡Wgef5„V‡sÓÒ"ÀÐ¢&FWb#¢G'VRÀÐ¢&Æ–6Vç6R#¢$Ô•B"ÀÐ¢&FWVæFVæ6–W2#¢°Ð¢'Vç–6öFR#¢%ã"ã2ã Ð¢ÒÀÐ¢&Væv–æW2#¢°Ð¢&æöFR#¢#ãÓ# Ð¢ÐÐ¢ÒÀÐ¢&æöFUöÖöGVÆW2÷G6Æ–"#¢°Ð¢'fW'6–öâ#¢#"ã‚ã"ÀÐ¢'&W6öÇfVB#¢&‡GG3¢ò÷&Vv—7G'’æçÖ§2æ÷&r÷G6Æ–"òÒ÷G6Æ–"Ó"ã‚ãçFw¢"ÀÐ¢&–çFVw&—G’#¢'6†S"Öô¤gS“D…"´µfGU5UÃwvç×æfÔÇ4ôöäƒf#dTƒt4Vô³öÕU…Sf37t´Ecƒ4Ö´÷T…$‡E5„´µS“””&¥2ó'sÓÒ"ÀÐ¢&FWb#¢G'VRÀÐ¢&Æ–6Vç6R#¢#%4B"ÀÐ¢&÷F–öæÂ#¢G'VPÐ¢ÒÀÐ¢&æöFUöÖöGVÆW2÷G—W67&—B#¢°Ð¢'fW'6–öâ#¢#rãã""ÀÐ¢'&W6öÇfVB#¢&‡GG3¢ò÷&Vv—7G'’æçÖ§2æ÷&r÷G—W67&—BòÒ÷G—W67&—BÓrãã"çFw¢"ÀÐ¢&–çFVw&—G’#¢'6†S"Ó„e–S“fó4ä´ö†&¤¶’÷çdrõsV¦‡§†¶&FÓW6£”%¢óUCW5wã6„¦tÆdwƒ#w5$µ¥uGg—¤5†DÅ$%FcWD%E5%eTäÓÒ"ÀÐ¢&FWb#¢G'VRÀÐ¢&Æ–6Vç6R#¢$6†RÓ"ã"ÀÐ¢&&–â#¢°Ð¢'G62#¢&&–â÷G62 Ð¢ÒÀÐ¢&Væv–æW2#¢°Ð¢&æöFR#¢#ãÓbã#ã Ð¢ÒÀÐ¢&÷F–öæÄFWVæFVæ6–W2#¢°Ð¢$G—W67&—B÷G—W67&—BÖ—‚×3cB#¢#rãã""ÀÐ¢$G—W67&—B÷G—W67&—BÖF'v–âÖ&ÓcB#¢#rãã""ÀÐ¢$G—W67&—B÷G—W67&—BÖF'v–â×ƒcB#¢#rãã""ÀÐ¢$G—W67&—B÷G—W67&—BÖg&VV'6BÖ&ÓcB#¢#rãã""ÀÐ¢$G—W67&—B÷G—W67&—BÖg&VV'6B×ƒcB#¢#rãã""ÀÐ¢$G—W67&—B÷G—W67&—BÖÆ–çW‚Ö&Ò#¢#rãã""ÀÐ¢$G—W67&—B÷G—W67&—BÖÆ–çW‚Ö&ÓcB#¢#rãã""ÀÐ¢$G—W67&—B÷G—W67&—BÖÆ–çW‚ÖÆööæscB#¢#rãã""ÀÐ¢$G—W67&—B÷G—W67&—BÖÆ–çW‚ÖÖ—3cFVÂ#¢#rãã""ÀÐ¢$G—W67&—B÷G—W67&—BÖÆ–çW‚×3cB#¢#rãã""ÀÐ¢$G—W67&—B÷G—W67&—BÖÆ–çW‚×&—67ccB#¢#rãã""ÀÐ¢$G—W67&—B÷G—W67&—BÖÆ–çW‚×33“‚#¢#rãã""ÀÐ¢$G—W67&—B÷G—W67&—BÖÆ–çW‚×ƒcB#¢#rãã""ÀÐ¢$G—W67&—B÷G—W67&—BÖæWF'6BÖ&ÓcB#¢#rãã""ÀÐ¢$G—W67&—B÷G—W67&—BÖæWF'6B×ƒcB#¢#rãã""ÀÐ¢$G—W67&—B÷G—W67&—BÖ÷Væ'6BÖ&ÓcB#¢#rãã""ÀÐ¢$G—W67&—B÷G—W67&—BÖ÷Væ'6B×ƒcB#¢#rãã""ÀÐ¢$G—W67&—B÷G—W67&—B×7Væ÷2×ƒcB#¢#rãã""ÀÐ¢$G—W67&—B÷G—W67&—B×v–ã3"Ö&ÓcB#¢#rãã""ÀÐ¢$G—W67&—B÷G—W67&—B×v–ã3"×ƒcB#¢#rãã" Ð¢ÐÐ¢ÒÀÐ¢&æöFUöÖöGVÆW2÷VæF–6’#¢°Ð¢'fW'6–öâ#¢#‚ã’ã"ÀÐ¢'&W6öÇfVB#¢&‡GG3¢ò÷&Vv—7G'’æçÖ§2æ÷&r÷VæF–6’òÒ÷VæF–6’Ó‚ã’ãçFw¢"ÀÐ¢&–çFVw&—G’#¢'6†S"Öu§V£u†ôvöäÔ6ÇƒFvDE&ft&§T´cCs6FÕ$õ$Ó–ãe&d²÷SöƒGtÕFv4†eC„ƒfg'C“…gTEWtfs%”ÓÒ"ÀÐ¢&FWb#¢G'VRÀÐ¢&Æ–6Vç6R#¢$Ô•B"ÀÐ¢&Væv–æW2#¢°Ð¢&æöFR#¢#ãÓ#"ã’ã Ð¢ÐÐ¢ÒÀÐ¢&æöFUöÖöGVÆW2÷VæF–6’×G—W2#¢°Ð¢'fW'6–öâ#¢#rã‚ã""ÀÐ¢'&W6öÇfVB#¢&‡GG3¢ò÷&Vv—7G'’æçÖ§2æ÷&r÷VæF–6’×G—W2òÒ÷VæF–6’×G—W2Órã‚ã"çFw¢"ÀÐ¢&–çFVw&—G’#¢'6†S"Ô7T7¦fdt„§–%6'&×#VT‡#ƒ×t¥S6¶§sdÒ·W%wd5†”æTã•4ôwu4¦ã†¦#†Ó5£f—¥fv¶æã#eD4T%$Å’÷sÓÒ"ÀÐ¢&FWb#¢G'VRÀÐ¢&Æ–6Vç6R#¢$Ô•B Ð¢ÒÀÐ¢&æöFUöÖöGVÆW2÷f—FR#¢°Ð¢'fW'6–öâ#¢#‚ããR"ÀÐ¢'&W6öÇfVB#¢&‡GG3¢ò÷&Vv—7G'’æçÖ§2æ÷&r÷f—FRòÒ÷f—FRÓ‚ããRçFw¢"ÀÐ¢&–çFVw&—G’#¢'6†S"ÓuTÄÇw46E—‚öå'—'”Wwg#UDd‡$Õe§”'B·&rôô…Cw&v¢÷¢´GEDG”´fTÄDF·V$EdD´C†¤÷6æF×“vÓSU†6eW7sÓÒ"ÀÐ¢&FWb#¢G'VRÀÐ¢&Æ–6Vç6R#¢$Ô•B"ÀÐ¢&FWVæFVæ6–W2#¢°Ð¢&Æ–v‡Fæ–æv772#¢%ãã3"ã"ÀÐ¢'–6öÖF6‚#¢%ãBããR"ÀÐ¢'÷7F772#¢%ã‚ãRãr"ÀÐ¢'&öÆÆF÷vâ#¢'ãããR"ÀÐ¢'F–ç–vÆö&'’#¢%ãã"ãr Ð¢ÒÀÐ¢&&–â#¢°Ð¢'f—FR#¢&&–â÷f—FRæ§2 Ð¢ÒÀÐ¢&Væv–æW2#¢°Ð¢&æöFR#¢%ã#ã’ãÇÂãÓ#"ã"ã Ð¢ÒÀÐ¢&gVæF–ær#¢°Ð¢'W&Â#¢&‡GG3¢òöv—F‡V"æ6öÒ÷f—FV§2÷f—FS÷7öç6÷#Ó Ð¢ÒÀÐ¢&÷F–öæÄFWVæFVæ6–W2#¢°Ð¢&g6WfVçG2#¢'ã"ã2ã2 Ð¢ÒÀÐ¢'VW$FWVæFVæ6–W2#¢°Ð¢$G—W2öæöFR#¢%ã#ã’ãÇÂãÓ#"ã"ã"ÀÐ¢$f—FV§2öFWgFööÇ2#¢%ãã2ã"ÀÐ¢&W6'V–ÆB#¢%ãã#rãÇÂãã#‚ã"ÀÐ¢&¦—F’#¢#ãÓã#ã"ÀÐ¢&ÆW72#¢%ãBãã"ÀÐ¢'672#¢%ããsã"ÀÐ¢'672ÖVÖ&VFFVB#¢%ããsã"ÀÐ¢'7G–ÇW2#¢#ãÓãSBã‚"ÀÐ¢'7Vv'72#¢%ãRãã"ÀÐ¢'FW'6W"#¢%ãRãbã"ÀÐ¢'G7‚#¢%ãBã‚ã"ÀÐ¢'–ÖÂ#¢%ã"ãBã" Ð¢ÒÀÐ¢'VW$FWVæFVæ6–W4ÖWF#¢°Ð¢$G—W2öæöFR#¢°Ð¢&÷F–öæÂ#¢G'VPÐ¢ÒÀÐ¢$f—FV§2öFWgFööÇ2#¢°Ð¢&÷F–öæÂ#¢G'VPÐ¢ÒÀÐ¢&W6'V–ÆB#¢°Ð¢&÷F–öæÂ#¢G'VPÐ¢ÒÀÐ¢&¦—F’#¢°Ð¢&÷F–öæÂ#¢G'VPÐ¢ÒÀÐ¢&ÆW72#¢°Ð¢&÷F–öæÂ#¢G'VPÐ¢ÒÀÐ¢'672#¢°Ð¢&÷F–öæÂ#¢G'VPÐ¢ÒÀÐ¢'672ÖVÖ&VFFVB#¢°Ð¢&÷F–öæÂ#¢G'VPÐ¢ÒÀÐ¢'7G–ÇW2#¢°Ð¢&÷F–öæÂ#¢G'VPÐ¢ÒÀÐ¢'7Vv'72#¢°Ð¢&÷F–öæÂ#¢G'VPÐ¢ÒÀÐ¢'FW'6W"#¢°Ð¢&÷F–öæÂ#¢G'VPÐ¢ÒÀÐ¢'G7‚#¢°Ð¢&÷F–öæÂ#¢G'VPÐ¢ÒÀÐ¢'–ÖÂ#¢°Ð¢&÷F–öæÂ#¢G'VPÐ¢ÐÐ¢ÐÐ¢ÒÀÐ¢&æöFUöÖöGVÆW2÷f—FW7B#¢°Ð¢'fW'6–öâ#¢#Bãã"ÀÐ¢'&W6öÇfVB#¢&‡GG3¢ò÷&Vv—7G'’æçÖ§2æ÷&r÷f—FW7BòÒ÷f—FW7BÓBããçFw¢"ÀÐ¢&–çFVw&—G’#¢'6†S"Õ#–¥UFSU3E#„6CEDç3vôv7$×74Õ$u„ÅsƒV&¥w5s•dƒTtc‡““4dÅ“”'6³fçCä÷ƒDƒEtä¥•£4uUsÓÒ"ÀÐ¢&FWb#¢G'VRÀÐ¢&Æ–6Vç6R#¢$Ô•B"ÀÐ¢&FWVæFVæ6–W2#¢°Ð¢$f—FW7BöW‡V7B#¢#Bãã"ÀÐ¢$f—FW7BöÖö6¶W"#¢#Bãã"ÀÐ¢$f—FW7B÷&WGG’Öf÷&ÖB#¢#Bãã"ÀÐ¢$f—FW7B÷'VææW"#¢#Bãã"ÀÐ¢$f—FW7B÷6æ6†÷B#¢#Bãã"ÀÐ¢$f—FW7B÷7’#¢#Bãã"ÀÐ¢$f—FW7B÷WF–Ç2#¢#Bãã"ÀÐ¢&W2ÖÖöGVÆRÖÆW†W"#¢%ã"ãã"ÀÐ¢&W‡V7B×G—R#¢%ãã2ã"ÀÐ¢&Öv–2×7G&–ær#¢%ãã3ã#"ÀÐ¢&ö'Vr#¢%ã"ãã"ÀÐ¢'F†R#¢%ã"ãã2"ÀÐ¢'–6öÖF6‚#¢%ãBãã2"ÀÐ¢'7FBÖVçb#¢%ãBãã×&2ã"ÀÐ¢'F–ç–&Væ6‚#¢%ã"ã’ã"ÀÐ¢'F–ç–W†V2#¢%ããã""ÀÐ¢'F–ç–vÆö&'’#¢%ãã"ãR"ÀÐ¢'F–ç—&–æ&÷r#¢%ã2ãã"ÀÐ¢'f—FR#¢%ãbããÇÂãrããÇÂã‚ãã"ÀÐ¢'v‡’Ö—2ÖæöFR×'Vææ–ær#¢%ã"ã2ã Ð¢ÒÀÐ¢&&–â#¢°Ð¢'f—FW7B#¢'f—FW7BæÖ§2 Ð¢ÒÀÐ¢&Væv–æW2#¢°Ð¢&æöFR#¢%ã#ããÇÂã#"ããÇÂãÓ#Bãã Ð¢ÒÀÐ¢&gVæF–ær#¢°Ð¢'W&Â#¢&‡GG3¢òö÷Væ6öÆÆV7F—fRæ6öÒ÷f—FW7B Ð¢ÒÀÐ¢'VW$FWVæFVæ6–W2#¢°Ð¢$VFvR×'VçF–ÖR÷fÒ#¢"¢"ÀÐ¢$÷VçFVÆVÖWG'’ö’#¢%ãã’ã"ÀÐ¢$G—W2öæöFR#¢%ã#ããÇÂã#"ããÇÂãÓ#Bãã"ÀÐ¢$f—FW7Bö'&÷w6W"×Æ—w&–v‡B#¢#Bãã"ÀÐ¢$f—FW7Bö'&÷w6W"×&Wf–Wr#¢#Bãã"ÀÐ¢$f—FW7Bö'&÷w6W"×vV&G&—fW&–ò#¢#Bãã"ÀÐ¢$f—FW7Bö6÷fW&vRÖ—7Fæ'VÂ#¢#Bãã"ÀÐ¢$f—FW7Bö6÷fW&vR×c‚#¢#Bãã"ÀÐ¢$f—FW7B÷V’#¢#Bãã"ÀÐ¢&†’ÖFöÒ#¢"¢"ÀÐ¢&§6FöÒ#¢"¢"ÀÐ¢'f—FR#¢%ãbããÇÂãrããÇÂã‚ãã Ð¢ÒÀÐ¢'VW$FWVæFVæ6–W4ÖWF#¢°Ð¢$VFvR×'VçF–ÖR÷fÒ#¢°Ð¢&÷F–öæÂ#¢G'VPÐ¢ÒÀÐ¢$÷VçFVÆVÖWG'’ö’#¢°Ð¢&÷F–öæÂ#¢G'VPÐ¢ÒÀÐ¢$G—W2öæöFR#¢°Ð¢&÷F–öæÂ#¢G'VPÐ¢ÒÀÐ¢$f—FW7Bö'&÷w6W"×Æ—w&–v‡B#¢°Ð¢&÷F–öæÂ#¢G'VPÐ¢ÒÀÐ¢$f—FW7Bö'&÷w6W"×&Wf–Wr#¢°Ð¢&÷F–öæÂ#¢G'VPÐ¢ÒÀÐ¢$f—FW7Bö'&÷w6W"×vV&G&—fW&–ò#¢°Ð¢&÷F–öæÂ#¢G'VPÐ¢ÒÀÐ¢$f—FW7Bö6÷fW&vRÖ—7Fæ'VÂ#¢°Ð¢&÷F–öæÂ#¢G'VPÐ¢ÒÀÐ¢$f—FW7Bö6÷fW&vR×c‚#¢°Ð¢&÷F–öæÂ#¢G'VPÐ¢ÒÀÐ¢$f—FW7B÷V’#¢°Ð¢&÷F–öæÂ#¢G'VPÐ¢ÒÀÐ¢&†’ÖFöÒ#¢°Ð¢&÷F–öæÂ#¢G'VPÐ¢ÒÀÐ¢&§6FöÒ#¢°Ð¢&÷F–öæÂ#¢G'VPÐ¢ÒÀÐ¢'f—FR#¢°Ð¢&÷F–öæÂ#¢fÇ6PÐ¢ÐÐ¢ÐÐ¢ÒÀÐ¢&æöFUöÖöGVÆW2÷s62×†ÖÇ6W&–Æ—¦W"#¢°Ð¢'fW'6–öâ#¢#Rãã"ÀÐ¢'&W6öÇfVB#¢&‡GG3¢ò÷&Vv—7G'’æçÖ§2æ÷&r÷s62×†ÖÇ6W&–Æ—¦W"òÒ÷s62×†ÖÇ6W&–Æ—¦W"ÓRããçFw¢"ÀÐ¢&–çFVw&—G’#¢'6†S"Öó‡v†Ä“„å¤…SÄÅ'“"µWv&ƒDtu”æÆÇ¥w‡•wFT¤ô77"õ¶õ$C•DôÇSTeE¤óFC4c”Öåt¦f”ÖóD&¶ÔÓÒ"ÀÐ¢&FWb#¢G'VRÀÐ¢&Æ–6Vç6R#¢$Ô•B"ÀÐ¢&FWVæFVæ6–W2#¢°Ð¢'†ÖÂÖæÖR×fÆ–FF÷"#¢%ãRãã Ð¢ÒÀÐ¢&Væv–æW2#¢°Ð¢&æöFR#¢#ãÓ‚ Ð¢ÐÐ¢ÒÀÐ¢&æöFUöÖöGVÆW2÷vV&–FÂÖ6öçfW'6–öç2#¢°Ð¢'fW'6–öâ#¢#‚ãã"ÀÐ¢'&W6öÇfVB#¢&‡GG3¢ò÷&Vv—7G'’æçÖ§2æ÷&r÷vV&–FÂÖ6öçfW'6–öç2òÒ÷vV&–FÂÖ6öçfW'6–öç2Ó‚ããçFw¢"ÀÐ¢&–çFVw&—G’#¢'6†S"Ô$Ö„ÄBõ7r´v$¤3#2õVw–¥ƒCåC†%UFr¶¥w”FVsvSu”ãG„ôÓU•4•†6T6å…gG”WrôÄÔ6ÅU×DÕ¢µtwÓÒ"ÀÐ¢&FWb#¢G'VRÀÐ¢&Æ–6Vç6R#¢$%4BÓ"Ô6ÆW6R"ÀÐ¢&Væv–æW2#¢°Ð¢&æöFR#¢#ãÓ# Ð¢ÐÐ¢ÒÀÐ¢&æöFUöÖöGVÆW2÷v†GvrÖÖ–ÖWG—R#¢°Ð¢'fW'6–öâ#¢#Rãã"ÀÐ¢'&W6öÇfVB#¢&‡GG3¢ò÷&Vv—7G'’æçÖ§2æ÷&r÷v†GvrÖÖ–ÖWG—RòÒ÷v†GvrÖÖ–ÖWG—RÓRããçFw¢"ÀÐ¢&–çFVw&—G’#¢'6†S"×5†4æ4„ô3SUtcôCDågG&¶¥5S&dç6Ó––ösE§e¤§4Ã7&¦ôD¥…¦†¶Ó$ÕwC’µVFvt´•fôÔ•–73s‡t£S7sÓÒ"ÀÐ¢&FWb#¢G'VRÀÐ¢&Æ–6Vç6R#¢$Ô•B"ÀÐ¢&Væv–æW2#¢°Ð¢&æöFR#¢#ãÓ# Ð¢ÐÐ¢ÒÀÐ¢&æöFUöÖöGVÆW2÷v†Gvr×W&Â#¢°Ð¢'fW'6–öâ#¢#rãã"ÀÐ¢'&W6öÇfVB#¢&‡GG3¢ò÷&Vv—7G'’æçÖ§2æ÷&r÷v†Gvr×W&ÂòÒ÷v†Gvr×W&ÂÓrããçFw¢"ÀÐ¢&–çFVw&—G’#¢'6†S"Ó4vWv÷%Ö3%¦dTT…vÄV%Vd%‚ôÃsWvDW6“$Äæ…†5‡†æôãV§—4ÃVt7“e4us&7•D•¦EGet”Eå÷¦²·d¶VsÓÒ"ÀÐ¢&FWb#¢G'VRÀÐ¢&Æ–6Vç6R#¢$Ô•B"ÀÐ¢&FWVæFVæ6–W2#¢°Ð¢$W†öGW2ö'—FW2#¢%ããRã"ÀÐ¢'G#Cb#¢%ãbãã"ÀÐ¢'vV&–FÂÖ6öçfW'6–öç2#¢%ã‚ãã Ð¢ÒÀÐ¢&Væv–æW2#¢°Ð¢&æöFR#¢%ã#"ãBãÇÂãÓ#Bãã Ð¢ÐÐ¢ÒÀÐ¢&æöFUöÖöGVÆW2÷v‡’Ö—2ÖæöFR×'Vææ–ær#¢°Ð¢'fW'6–öâ#¢#"ã2ã"ÀÐ¢'&W6öÇfVB#¢&‡GG3¢ò÷&Vv—7G'’æçÖ§2æ÷&r÷v‡’Ö—2ÖæöFR×'Vææ–æròÒ÷v‡’Ö—2ÖæöFR×'Vææ–ærÓ"ã2ãçFw¢"ÀÐ¢&–çFVw&—G’#¢'6†S"Ö…W&Öt&EdF7‡e—ç–ƒ—§Vä·¥$õv¦%¥F”ç“†D$V¦µ3vV„TE–%„£u‡fÆ×F'wUF6ÅV”—”â´7•…CEfÖ¶ó†dæÓ‡sÓÒ"ÀÐ¢&FWb#¢G'VRÀÐ¢&Æ–6Vç6R#¢$Ô•B"ÀÐ¢&FWVæFVæ6–W2#¢°Ð¢'6–v–æfò#¢%ã"ãã"ÀÐ¢'7F6¶&6²#¢#ãã" Ð¢ÒÀÐ¢&&–â#¢°Ð¢'v‡’Ö—2ÖæöFR×'Vææ–ær#¢&6Æ’æ§2 Ð¢ÒÀÐ¢&Væv–æW2#¢°Ð¢&æöFR#¢#ãÓ‚ Ð¢ÐÐ¢ÒÀÐ¢&æöFUöÖöGVÆW2÷†ÖÂÖæÖR×fÆ–FF÷"#¢°Ð¢'fW'6–öâ#¢#Rãã"ÀÐ¢'&W6öÇfVB#¢&‡GG3¢ò÷&Vv—7G'’æçÖ§2æ÷&r÷†ÖÂÖæÖR×fÆ–FF÷"òÒ÷†ÖÂÖæÖR×fÆ–FF÷"ÓRããçFw¢"ÀÐ¢&–çFVw&—G’#¢'6†S"ÔWdt³„T£4F††f%&ÄUDõt3Wó”Õ¤•FVT„´§–#‡w–¥VeVVæ´–s$×dÄEE£EBõFt–6Ó4…SDd&uuv&ô£3T†sÓÒ"ÀÐ¢&FWb#¢G'VRÀÐ¢&Æ–6Vç6R#¢$6†RÓ"ã"ÀÐ¢&Væv–æW2#¢°Ð¢&æöFR#¢#ãÓ‚ Ð¢ÐÐ¢ÒÀÐ¢&æöFUöÖöGVÆW2÷†ÖÆ6†'2#¢°Ð¢'fW'6–öâ#¢#"ã"ã"ÀÐ¢'&W6öÇfVB#¢&‡GG3¢ò÷&Vv—7G'’æçÖ§2æ÷&r÷†ÖÆ6†'2òÒ÷†ÖÆ6†'2Ó"ã"ãçFw¢"ÀÐ¢&–çFVw&—G’#¢'6†S"Ô¥¦äD´³„#$4GsƒDdæDD—¤²´§T§r·3tÇ£†æ·4“u4—US5U„¤§6ÅWF‡6’·Ut%U”÷ugususu$Å&eT·†§F¤d7sÓÒ"ÀÐ¢&FWb#¢G'VRÀÐ¢&Æ–6Vç6R#¢$Ô•B Ð¢ÐÐ¢ÐÐ§ÐÐ